// !$*UTF8*$!
{
	archiveVersion = 1;
	classes = {
	};
	objectVersion = 50;
	objects = {

/* Begin PBXBuildFile section */
		13694F088AA71750182A5F3A /* libPods-Etram.a in Frameworks */ = {isa = PBXBuildFile; fileRef = 424546EB60ED26AAFE6EA816 /* libPods-Etram.a */; };
		883452F2213FCBE1002AAC62 /* AppDelegate.m in Sources */ = {isa = PBXBuildFile; fileRef = 883452F1213FCBE1002AAC62 /* AppDelegate.m */; };
		883452F5213FCBE1002AAC62 /* ViewController.m in Sources */ = {isa = PBXBuildFile; fileRef = 883452F4213FCBE1002AAC62 /* ViewController.m */; };
		883452F8213FCBE1002AAC62 /* Main.storyboard in Resources */ = {isa = PBXBuildFile; fileRef = 883452F6213FCBE1002AAC62 /* Main.storyboard */; };
		883452FA213FCBE2002AAC62 /* Assets.xcassets in Resources */ = {isa = PBXBuildFile; fileRef = 883452F9213FCBE2002AAC62 /* Assets.xcassets */; };
		883452FD213FCBE2002AAC62 /* LaunchScreen.storyboard in Resources */ = {isa = PBXBuildFile; fileRef = 883452FB213FCBE2002AAC62 /* LaunchScreen.storyboard */; };
		88345300213FCBE2002AAC62 /* main.m in Sources */ = {isa = PBXBuildFile; fileRef = 883452FF213FCBE2002AAC62 /* main.m */; };
		8834530A213FCBE2002AAC62 /* EtramTests.m in Sources */ = {isa = PBXBuildFile; fileRef = 88345309213FCBE2002AAC62 /* EtramTests.m */; };
		88345315213FCBE2002AAC62 /* EtramUITests.m in Sources */ = {isa = PBXBuildFile; fileRef = 88345314213FCBE2002AAC62 /* EtramUITests.m */; };
		8834538F213FE9B4002AAC62 /* CreatQRCodeAndBarCodeFromLeon.m in Sources */ = {isa = PBXBuildFile; fileRef = 88345326213FE9B2002AAC62 /* CreatQRCodeAndBarCodeFromLeon.m */; };
		88345390213FE9B4002AAC62 /* NSDate+Add.m in Sources */ = {isa = PBXBuildFile; fileRef = 88345329213FE9B2002AAC62 /* NSDate+Add.m */; };
		88345391213FE9B4002AAC62 /* NSObject+AddKeyValueToObject.m in Sources */ = {isa = PBXBuildFile; fileRef = 8834532C213FE9B2002AAC62 /* NSObject+AddKeyValueToObject.m */; };
		88345392213FE9B4002AAC62 /* NSString+MD5Addition.m in Sources */ = {isa = PBXBuildFile; fileRef = 8834532F213FE9B2002AAC62 /* NSString+MD5Addition.m */; settings = {COMPILER_FLAGS = "-fno-objc-arc"; }; };
		88345393213FE9B4002AAC62 /* NSString+RTStyle.m in Sources */ = {isa = PBXBuildFile; fileRef = 88345331213FE9B2002AAC62 /* NSString+RTStyle.m */; };
		88345394213FE9B4002AAC62 /* UDIDWrapper.m in Sources */ = {isa = PBXBuildFile; fileRef = 88345333213FE9B2002AAC62 /* UDIDWrapper.m */; settings = {COMPILER_FLAGS = "-fno-objc-arc"; }; };
		88345395213FE9B4002AAC62 /* UIDevice+IdentifierAddition.m in Sources */ = {isa = PBXBuildFile; fileRef = 88345335213FE9B2002AAC62 /* UIDevice+IdentifierAddition.m */; };
		88345396213FE9B4002AAC62 /* AgentImageBaseModel.m in Sources */ = {isa = PBXBuildFile; fileRef = 88345338213FE9B2002AAC62 /* AgentImageBaseModel.m */; };
		88345397213FE9B4002AAC62 /* UIImage+Alpha.m in Sources */ = {isa = PBXBuildFile; fileRef = 8834533A213FE9B2002AAC62 /* UIImage+Alpha.m */; };
		88345398213FE9B4002AAC62 /* UIImage+Resize.m in Sources */ = {isa = PBXBuildFile; fileRef = 8834533C213FE9B2002AAC62 /* UIImage+Resize.m */; };
		88345399213FE9B4002AAC62 /* UIImage+RoundedCorner.m in Sources */ = {isa = PBXBuildFile; fileRef = 8834533E213FE9B2002AAC62 /* UIImage+RoundedCorner.m */; };
		8834539A213FE9B4002AAC62 /* UIImage+RTStyle.m in Sources */ = {isa = PBXBuildFile; fileRef = 88345340213FE9B2002AAC62 /* UIImage+RTStyle.m */; };
		8834539B213FE9B4002AAC62 /* UILabel+String.m in Sources */ = {isa = PBXBuildFile; fileRef = 88345342213FE9B2002AAC62 /* UILabel+String.m */; };
		8834539C213FE9B4002AAC62 /* UIView+CTExtensions.m in Sources */ = {isa = PBXBuildFile; fileRef = 88345344213FE9B2002AAC62 /* UIView+CTExtensions.m */; };
		8834539D213FE9B4002AAC62 /* UIViewController+Loading.m in Sources */ = {isa = PBXBuildFile; fileRef = 88345346213FE9B2002AAC62 /* UIViewController+Loading.m */; };
		8834539E213FE9B4002AAC62 /* UserDefaultCashe.m in Sources */ = {isa = PBXBuildFile; fileRef = 88345348213FE9B2002AAC62 /* UserDefaultCashe.m */; };
		8834539F213FE9B4002AAC62 /* UIViewController+Loading.m in Sources */ = {isa = PBXBuildFile; fileRef = 8834534B213FE9B2002AAC62 /* UIViewController+Loading.m */; };
		883453A0213FE9B4002AAC62 /* FunctionMethodsUtil.m in Sources */ = {isa = PBXBuildFile; fileRef = 8834534F213FE9B3002AAC62 /* FunctionMethodsUtil.m */; };
		883453A1213FE9B4002AAC62 /* NSArray+TYAFNetworking.m in Sources */ = {isa = PBXBuildFile; fileRef = 88345351213FE9B3002AAC62 /* NSArray+TYAFNetworking.m */; };
		883453A2213FE9B4002AAC62 /* NSDictionary+TYAFNetworking.m in Sources */ = {isa = PBXBuildFile; fileRef = 88345353213FE9B3002AAC62 /* NSDictionary+TYAFNetworking.m */; };
		883453A3213FE9B4002AAC62 /* NSURLRequest+TYAFNetworking.m in Sources */ = {isa = PBXBuildFile; fileRef = 88345355213FE9B3002AAC62 /* NSURLRequest+TYAFNetworking.m */; };
		883453A4213FE9B4002AAC62 /* BaseApi.m in Sources */ = {isa = PBXBuildFile; fileRef = 88345358213FE9B3002AAC62 /* BaseApi.m */; };
		883453A5213FE9B4002AAC62 /* CLImageModel.m in Sources */ = {isa = PBXBuildFile; fileRef = 8834535B213FE9B3002AAC62 /* CLImageModel.m */; };
		883453A6213FE9B4002AAC62 /* CLNetworkingManager.m in Sources */ = {isa = PBXBuildFile; fileRef = 8834535E213FE9B3002AAC62 /* CLNetworkingManager.m */; };
		883453A7213FE9B4002AAC62 /* NSString+Cache.m in Sources */ = {isa = PBXBuildFile; fileRef = 88345360213FE9B3002AAC62 /* NSString+Cache.m */; };
		883453A8213FE9B4002AAC62 /* NSString+CLTools.m in Sources */ = {isa = PBXBuildFile; fileRef = 88345362213FE9B3002AAC62 /* NSString+CLTools.m */; };
		883453A9213FE9B4002AAC62 /* UserBaseInfoModel.m in Sources */ = {isa = PBXBuildFile; fileRef = 88345365213FE9B3002AAC62 /* UserBaseInfoModel.m */; };
		883453AA213FE9B4002AAC62 /* UserCacheBean.m in Sources */ = {isa = PBXBuildFile; fileRef = 88345367213FE9B3002AAC62 /* UserCacheBean.m */; };
		883453AB213FE9B4002AAC62 /* ZSAPIProxy.m in Sources */ = {isa = PBXBuildFile; fileRef = 8834536A213FE9B3002AAC62 /* ZSAPIProxy.m */; };
		883453AC213FE9B4002AAC62 /* ZSRequestCenter.m in Sources */ = {isa = PBXBuildFile; fileRef = 8834536C213FE9B3002AAC62 /* ZSRequestCenter.m */; };
		883453AD213FE9B4002AAC62 /* ZSRequestGenerator.m in Sources */ = {isa = PBXBuildFile; fileRef = 8834536E213FE9B3002AAC62 /* ZSRequestGenerator.m */; };
		883453AE213FE9B4002AAC62 /* ZSSignatureGenerator.m in Sources */ = {isa = PBXBuildFile; fileRef = 88345370213FE9B3002AAC62 /* ZSSignatureGenerator.m */; };
		883453AF213FE9B4002AAC62 /* ZSURLResponse.m in Sources */ = {isa = PBXBuildFile; fileRef = 88345372213FE9B3002AAC62 /* ZSURLResponse.m */; };
		883453B0213FE9B4002AAC62 /* DeviceModel.m in Sources */ = {isa = PBXBuildFile; fileRef = 88345375213FE9B3002AAC62 /* DeviceModel.m */; };
		883453B1213FE9B4002AAC62 /* DSBaseModel.m in Sources */ = {isa = PBXBuildFile; fileRef = 88345377213FE9B3002AAC62 /* DSBaseModel.m */; };
		883453B2213FE9B4002AAC62 /* FilePathManager.m in Sources */ = {isa = PBXBuildFile; fileRef = 88345379213FE9B3002AAC62 /* FilePathManager.m */; };
		883453B3213FE9B4002AAC62 /* ImageUtils.m in Sources */ = {isa = PBXBuildFile; fileRef = 8834537B213FE9B3002AAC62 /* ImageUtils.m */; };
		883453B4213FE9B4002AAC62 /* NSString+Hash.m in Sources */ = {isa = PBXBuildFile; fileRef = 8834537D213FE9B3002AAC62 /* NSString+Hash.m */; };
		883453B5213FE9B4002AAC62 /* NSString+MoneyStyle.m in Sources */ = {isa = PBXBuildFile; fileRef = 8834537F213FE9B3002AAC62 /* NSString+MoneyStyle.m */; };
		883453B6213FE9B4002AAC62 /* UserCurrentLocationManager.m in Sources */ = {isa = PBXBuildFile; fileRef = 88345381213FE9B3002AAC62 /* UserCurrentLocationManager.m */; };
		883453B7213FE9B4002AAC62 /* BaseCollectionViewCell.m in Sources */ = {isa = PBXBuildFile; fileRef = 88345384213FE9B4002AAC62 /* BaseCollectionViewCell.m */; };
		883453B8213FE9B4002AAC62 /* BaseTableViewCell.m in Sources */ = {isa = PBXBuildFile; fileRef = 88345386213FE9B4002AAC62 /* BaseTableViewCell.m */; };
		883453B9213FE9B4002AAC62 /* BaseView.m in Sources */ = {isa = PBXBuildFile; fileRef = 88345388213FE9B4002AAC62 /* BaseView.m */; };
		883453BB213FE9B4002AAC62 /* PsfTabBarItem.m in Sources */ = {isa = PBXBuildFile; fileRef = 8834538C213FE9B4002AAC62 /* PsfTabBarItem.m */; };
		883453C1213FEA14002AAC62 /* HomeController.m in Sources */ = {isa = PBXBuildFile; fileRef = 883453C0213FEA14002AAC62 /* HomeController.m */; };
		884E4ECD2140BC46007448CF /* BaseViewController.m in Sources */ = {isa = PBXBuildFile; fileRef = 884E4ECC2140BC46007448CF /* BaseViewController.m */; };
		884E4ED22140F75C007448CF /* MineController.m in Sources */ = {isa = PBXBuildFile; fileRef = 884E4ED12140F75C007448CF /* MineController.m */; };
		884E4ED62140F8D8007448CF /* MineHeadView.m in Sources */ = {isa = PBXBuildFile; fileRef = 884E4ED52140F8D8007448CF /* MineHeadView.m */; };
		884E4EDB21410528007448CF /* MessageViewController.m in Sources */ = {isa = PBXBuildFile; fileRef = 884E4ED921410528007448CF /* MessageViewController.m */; };
		884E4EDF21410599007448CF /* DetailMessageCell.m in Sources */ = {isa = PBXBuildFile; fileRef = 884E4EDE21410599007448CF /* DetailMessageCell.m */; };
		884E4EE321410A85007448CF /* ScanQrCodeController.m in Sources */ = {isa = PBXBuildFile; fileRef = 884E4EE221410A85007448CF /* ScanQrCodeController.m */; };
		884E4EE621410CCA007448CF /* LockPaytypeController.m in Sources */ = {isa = PBXBuildFile; fileRef = 884E4EE521410CCA007448CF /* LockPaytypeController.m */; };
		884E4EF021411245007448CF /* MineWalletViewController.m in Sources */ = {isa = PBXBuildFile; fileRef = 884E4EE921411245007448CF /* MineWalletViewController.m */; };
		884E4EF121411245007448CF /* MyIntegralController.m in Sources */ = {isa = PBXBuildFile; fileRef = 884E4EEB21411245007448CF /* MyIntegralController.m */; };
		884E4EF221411245007448CF /* RechargeViewController.m in Sources */ = {isa = PBXBuildFile; fileRef = 884E4EED21411245007448CF /* RechargeViewController.m */; };
		884E4EF321411245007448CF /* TradingDetailController.m in Sources */ = {isa = PBXBuildFile; fileRef = 884E4EEF21411245007448CF /* TradingDetailController.m */; };
		884E4EFF21411292007448CF /* MineWalletCell.m in Sources */ = {isa = PBXBuildFile; fileRef = 884E4EF621411292007448CF /* MineWalletCell.m */; };
		884E4F0021411292007448CF /* PayTypeView.m in Sources */ = {isa = PBXBuildFile; fileRef = 884E4EF821411292007448CF /* PayTypeView.m */; };
		884E4F0121411292007448CF /* RechargeBtn.m in Sources */ = {isa = PBXBuildFile; fileRef = 884E4EFA21411292007448CF /* RechargeBtn.m */; };
		884E4F0221411292007448CF /* RechargeHeadView.m in Sources */ = {isa = PBXBuildFile; fileRef = 884E4EFC21411292007448CF /* RechargeHeadView.m */; };
		884E4F0321411292007448CF /* TradingDetailCell.m in Sources */ = {isa = PBXBuildFile; fileRef = 884E4EFE21411292007448CF /* TradingDetailCell.m */; };
		884E4F0721412518007448CF /* MineInformationController.m in Sources */ = {isa = PBXBuildFile; fileRef = 884E4F0521412518007448CF /* MineInformationController.m */; };
		884E4F0B21412551007448CF /* HeadimageTableViewCell.m in Sources */ = {isa = PBXBuildFile; fileRef = 884E4F0921412551007448CF /* HeadimageTableViewCell.m */; };
		884E4F0E21412C9B007448CF /* SettingController.m in Sources */ = {isa = PBXBuildFile; fileRef = 884E4F0D21412C9B007448CF /* SettingController.m */; };
		884E4F1121412F38007448CF /* MineTripController.m in Sources */ = {isa = PBXBuildFile; fileRef = 884E4F1021412F38007448CF /* MineTripController.m */; };
		884E4F1421413A19007448CF /* TripHeadView.m in Sources */ = {isa = PBXBuildFile; fileRef = 884E4F1321413A19007448CF /* TripHeadView.m */; };
		8864678221420A0600418223 /* InviteFriendsController.m in Sources */ = {isa = PBXBuildFile; fileRef = 8864678121420A0600418223 /* InviteFriendsController.m */; };
		8864678521420BCA00418223 /* MyCouponController.m in Sources */ = {isa = PBXBuildFile; fileRef = 8864678421420BCA00418223 /* MyCouponController.m */; };
		88646788214214B200418223 /* CouponCell.m in Sources */ = {isa = PBXBuildFile; fileRef = 88646787214214B200418223 /* CouponCell.m */; };
		8864678B2142654B00418223 /* ZSSortSelectorView.m in Sources */ = {isa = PBXBuildFile; fileRef = 886467892142654B00418223 /* ZSSortSelectorView.m */; };
		8864678E2142655B00418223 /* ZSScrollButton.m in Sources */ = {isa = PBXBuildFile; fileRef = 8864678D2142655A00418223 /* ZSScrollButton.m */; };
		8864679421426FBB00418223 /* SYBoxTextField.m in Sources */ = {isa = PBXBuildFile; fileRef = 8864679321426FBB00418223 /* SYBoxTextField.m */; };
		886467972142704600418223 /* ManuallyUnlockController.m in Sources */ = {isa = PBXBuildFile; fileRef = 886467962142704600418223 /* ManuallyUnlockController.m */; };
		8864679A2142769000418223 /* AppointHomeView.m in Sources */ = {isa = PBXBuildFile; fileRef = 886467992142769000418223 /* AppointHomeView.m */; };
		8864679D21427F1D00418223 /* DecodSuccessController.m in Sources */ = {isa = PBXBuildFile; fileRef = 8864679C21427F1D00418223 /* DecodSuccessController.m */; };
		886467A1214280C800418223 /* ServiceAlertView.m in Sources */ = {isa = PBXBuildFile; fileRef = 886467A0214280C800418223 /* ServiceAlertView.m */; };
		886467A421428C9F00418223 /* SubmitQuestionsController.m in Sources */ = {isa = PBXBuildFile; fileRef = 886467A321428C9F00418223 /* SubmitQuestionsController.m */; };
		888AC08221479ABF0030BC12 /* UserAgreementController.m in Sources */ = {isa = PBXBuildFile; fileRef = 888AC08121479ABF0030BC12 /* UserAgreementController.m */; };
		88B72D5121460E90000AA461 /* UIPlaceHolderTextView.m in Sources */ = {isa = PBXBuildFile; fileRef = 88B72D5021460E90000AA461 /* UIPlaceHolderTextView.m */; };
		88B72D58214638EA000AA461 /* UnlockingController.m in Sources */ = {isa = PBXBuildFile; fileRef = 88B72D57214638EA000AA461 /* UnlockingController.m */; };
		88B72D5B21463905000AA461 /* UnlockSuccessController.m in Sources */ = {isa = PBXBuildFile; fileRef = 88B72D5A21463905000AA461 /* UnlockSuccessController.m */; };
		88B72D5E21463A33000AA461 /* EndRideController.m in Sources */ = {isa = PBXBuildFile; fileRef = 88B72D5D21463A33000AA461 /* EndRideController.m */; };
		88B72D6121463A56000AA461 /* PaySuccessController.m in Sources */ = {isa = PBXBuildFile; fileRef = 88B72D6021463A56000AA461 /* PaySuccessController.m */; };
		88B72D6421463A88000AA461 /* RideEndingController.m in Sources */ = {isa = PBXBuildFile; fileRef = 88B72D6321463A88000AA461 /* RideEndingController.m */; };
		88B72D6721463B0E000AA461 /* TemporaryLockController.m in Sources */ = {isa = PBXBuildFile; fileRef = 88B72D6621463B0E000AA461 /* TemporaryLockController.m */; };
		88B72D6A21463CED000AA461 /* UnlockView.m in Sources */ = {isa = PBXBuildFile; fileRef = 88B72D6921463CED000AA461 /* UnlockView.m */; };
		88B72D6D21464BC8000AA461 /* TripDetailHeadView.m in Sources */ = {isa = PBXBuildFile; fileRef = 88B72D6C21464BC8000AA461 /* TripDetailHeadView.m */; };
		88B72D7221466CCB000AA461 /* AboutController.m in Sources */ = {isa = PBXBuildFile; fileRef = 88B72D7121466CCB000AA461 /* AboutController.m */; };
		88B72D7521467687000AA461 /* AccountRulesController.m in Sources */ = {isa = PBXBuildFile; fileRef = 88B72D7421467687000AA461 /* AccountRulesController.m */; };
/* End PBXBuildFile section */

/* Begin PBXContainerItemProxy section */
		88345306213FCBE2002AAC62 /* PBXContainerItemProxy */ = {
			isa = PBXContainerItemProxy;
			containerPortal = 883452E5213FCBE1002AAC62 /* Project object */;
			proxyType = 1;
			remoteGlobalIDString = 883452EC213FCBE1002AAC62;
			remoteInfo = Etram;
		};
		88345311213FCBE2002AAC62 /* PBXContainerItemProxy */ = {
			isa = PBXContainerItemProxy;
			containerPortal = 883452E5213FCBE1002AAC62 /* Project object */;
			proxyType = 1;
			remoteGlobalIDString = 883452EC213FCBE1002AAC62;
			remoteInfo = Etram;
		};
/* End PBXContainerItemProxy section */

/* Begin PBXFileReference section */
		1AC268B076ADF1352F912BF5 /* Pods-Etram.release.xcconfig */ = {isa = PBXFileReference; includeInIndex = 1; lastKnownFileType = text.xcconfig; name = "Pods-Etram.release.xcconfig"; path = "Pods/Target Support Files/Pods-Etram/Pods-Etram.release.xcconfig"; sourceTree = "<group>"; };
		2FB4FDFACB3DE0346662621F /* Pods-Etram.debug.xcconfig */ = {isa = PBXFileReference; includeInIndex = 1; lastKnownFileType = text.xcconfig; name = "Pods-Etram.debug.xcconfig"; path = "Pods/Target Support Files/Pods-Etram/Pods-Etram.debug.xcconfig"; sourceTree = "<group>"; };
		424546EB60ED26AAFE6EA816 /* libPods-Etram.a */ = {isa = PBXFileReference; explicitFileType = archive.ar; includeInIndex = 0; path = "libPods-Etram.a"; sourceTree = BUILT_PRODUCTS_DIR; };
		883452ED213FCBE1002AAC62 /* Etram.app */ = {isa = PBXFileReference; explicitFileType = wrapper.application; includeInIndex = 0; path = Etram.app; sourceTree = BUILT_PRODUCTS_DIR; };
		883452F0213FCBE1002AAC62 /* AppDelegate.h */ = {isa = PBXFileReference; lastKnownFileType = sourcecode.c.h; path = AppDelegate.h; sourceTree = "<group>"; };
		883452F1213FCBE1002AAC62 /* AppDelegate.m */ = {isa = PBXFileReference; lastKnownFileType = sourcecode.c.objc; path = AppDelegate.m; sourceTree = "<group>"; };
		883452F3213FCBE1002AAC62 /* ViewController.h */ = {isa = PBXFileReference; lastKnownFileType = sourcecode.c.h; path = ViewController.h; sourceTree = "<group>"; };
		883452F4213FCBE1002AAC62 /* ViewController.m */ = {isa = PBXFileReference; lastKnownFileType = sourcecode.c.objc; path = ViewController.m; sourceTree = "<group>"; };
		883452F7213FCBE1002AAC62 /* Base */ = {isa = PBXFileReference; lastKnownFileType = file.storyboard; name = Base; path = Base.lproj/Main.storyboard; sourceTree = "<group>"; };
		883452F9213FCBE2002AAC62 /* Assets.xcassets */ = {isa = PBXFileReference; lastKnownFileType = folder.assetcatalog; path = Assets.xcassets; sourceTree = "<group>"; };
		883452FC213FCBE2002AAC62 /* Base */ = {isa = PBXFileReference; lastKnownFileType = file.storyboard; name = Base; path = Base.lproj/LaunchScreen.storyboard; sourceTree = "<group>"; };
		883452FE213FCBE2002AAC62 /* Info.plist */ = {isa = PBXFileReference; lastKnownFileType = text.plist.xml; path = Info.plist; sourceTree = "<group>"; };
		883452FF213FCBE2002AAC62 /* main.m */ = {isa = PBXFileReference; lastKnownFileType = sourcecode.c.objc; path = main.m; sourceTree = "<group>"; };
		88345305213FCBE2002AAC62 /* EtramTests.xctest */ = {isa = PBXFileReference; explicitFileType = wrapper.cfbundle; includeInIndex = 0; path = EtramTests.xctest; sourceTree = BUILT_PRODUCTS_DIR; };
		88345309213FCBE2002AAC62 /* EtramTests.m */ = {isa = PBXFileReference; lastKnownFileType = sourcecode.c.objc; path = EtramTests.m; sourceTree = "<group>"; };
		8834530B213FCBE2002AAC62 /* Info.plist */ = {isa = PBXFileReference; lastKnownFileType = text.plist.xml; path = Info.plist; sourceTree = "<group>"; };
		88345310213FCBE2002AAC62 /* EtramUITests.xctest */ = {isa = PBXFileReference; explicitFileType = wrapper.cfbundle; includeInIndex = 0; path = EtramUITests.xctest; sourceTree = BUILT_PRODUCTS_DIR; };
		88345314213FCBE2002AAC62 /* EtramUITests.m */ = {isa = PBXFileReference; lastKnownFileType = sourcecode.c.objc; path = EtramUITests.m; sourceTree = "<group>"; };
		88345316213FCBE2002AAC62 /* Info.plist */ = {isa = PBXFileReference; lastKnownFileType = text.plist.xml; path = Info.plist; sourceTree = "<group>"; };
		88345322213FE8B3002AAC62 /* ZSConfig.h */ = {isa = PBXFileReference; lastKnownFileType = sourcecode.c.h; path = ZSConfig.h; sourceTree = "<group>"; };
		88345325213FE9B2002AAC62 /* CreatQRCodeAndBarCodeFromLeon.h */ = {isa = PBXFileReference; fileEncoding = 4; lastKnownFileType = sourcecode.c.h; path = CreatQRCodeAndBarCodeFromLeon.h; sourceTree = "<group>"; };
		88345326213FE9B2002AAC62 /* CreatQRCodeAndBarCodeFromLeon.m */ = {isa = PBXFileReference; fileEncoding = 4; lastKnownFileType = sourcecode.c.objc; path = CreatQRCodeAndBarCodeFromLeon.m; sourceTree = "<group>"; };
		88345328213FE9B2002AAC62 /* NSDate+Add.h */ = {isa = PBXFileReference; fileEncoding = 4; lastKnownFileType = sourcecode.c.h; path = "NSDate+Add.h"; sourceTree = "<group>"; };
		88345329213FE9B2002AAC62 /* NSDate+Add.m */ = {isa = PBXFileReference; fileEncoding = 4; lastKnownFileType = sourcecode.c.objc; path = "NSDate+Add.m"; sourceTree = "<group>"; };
		8834532B213FE9B2002AAC62 /* NSObject+AddKeyValueToObject.h */ = {isa = PBXFileReference; fileEncoding = 4; lastKnownFileType = sourcecode.c.h; path = "NSObject+AddKeyValueToObject.h"; sourceTree = "<group>"; };
		8834532C213FE9B2002AAC62 /* NSObject+AddKeyValueToObject.m */ = {isa = PBXFileReference; fileEncoding = 4; lastKnownFileType = sourcecode.c.objc; path = "NSObject+AddKeyValueToObject.m"; sourceTree = "<group>"; };
		8834532E213FE9B2002AAC62 /* NSString+MD5Addition.h */ = {isa = PBXFileReference; fileEncoding = 4; lastKnownFileType = sourcecode.c.h; path = "NSString+MD5Addition.h"; sourceTree = "<group>"; };
		8834532F213FE9B2002AAC62 /* NSString+MD5Addition.m */ = {isa = PBXFileReference; fileEncoding = 4; lastKnownFileType = sourcecode.c.objc; path = "NSString+MD5Addition.m"; sourceTree = "<group>"; };
		88345330213FE9B2002AAC62 /* NSString+RTStyle.h */ = {isa = PBXFileReference; fileEncoding = 4; lastKnownFileType = sourcecode.c.h; path = "NSString+RTStyle.h"; sourceTree = "<group>"; };
		88345331213FE9B2002AAC62 /* NSString+RTStyle.m */ = {isa = PBXFileReference; fileEncoding = 4; lastKnownFileType = sourcecode.c.objc; path = "NSString+RTStyle.m"; sourceTree = "<group>"; };
		88345332213FE9B2002AAC62 /* UDIDWrapper.h */ = {isa = PBXFileReference; fileEncoding = 4; lastKnownFileType = sourcecode.c.h; path = UDIDWrapper.h; sourceTree = "<group>"; };
		88345333213FE9B2002AAC62 /* UDIDWrapper.m */ = {isa = PBXFileReference; fileEncoding = 4; lastKnownFileType = sourcecode.c.objc; path = UDIDWrapper.m; sourceTree = "<group>"; };
		88345334213FE9B2002AAC62 /* UIDevice+IdentifierAddition.h */ = {isa = PBXFileReference; fileEncoding = 4; lastKnownFileType = sourcecode.c.h; path = "UIDevice+IdentifierAddition.h"; sourceTree = "<group>"; };
		88345335213FE9B2002AAC62 /* UIDevice+IdentifierAddition.m */ = {isa = PBXFileReference; fileEncoding = 4; lastKnownFileType = sourcecode.c.objc; path = "UIDevice+IdentifierAddition.m"; sourceTree = "<group>"; };
		88345337213FE9B2002AAC62 /* AgentImageBaseModel.h */ = {isa = PBXFileReference; fileEncoding = 4; lastKnownFileType = sourcecode.c.h; path = AgentImageBaseModel.h; sourceTree = "<group>"; };
		88345338213FE9B2002AAC62 /* AgentImageBaseModel.m */ = {isa = PBXFileReference; fileEncoding = 4; lastKnownFileType = sourcecode.c.objc; path = AgentImageBaseModel.m; sourceTree = "<group>"; };
		88345339213FE9B2002AAC62 /* UIImage+Alpha.h */ = {isa = PBXFileReference; fileEncoding = 4; lastKnownFileType = sourcecode.c.h; path = "UIImage+Alpha.h"; sourceTree = "<group>"; };
		8834533A213FE9B2002AAC62 /* UIImage+Alpha.m */ = {isa = PBXFileReference; fileEncoding = 4; lastKnownFileType = sourcecode.c.objc; path = "UIImage+Alpha.m"; sourceTree = "<group>"; };
		8834533B213FE9B2002AAC62 /* UIImage+Resize.h */ = {isa = PBXFileReference; fileEncoding = 4; lastKnownFileType = sourcecode.c.h; path = "UIImage+Resize.h"; sourceTree = "<group>"; };
		8834533C213FE9B2002AAC62 /* UIImage+Resize.m */ = {isa = PBXFileReference; fileEncoding = 4; lastKnownFileType = sourcecode.c.objc; path = "UIImage+Resize.m"; sourceTree = "<group>"; };
		8834533D213FE9B2002AAC62 /* UIImage+RoundedCorner.h */ = {isa = PBXFileReference; fileEncoding = 4; lastKnownFileType = sourcecode.c.h; path = "UIImage+RoundedCorner.h"; sourceTree = "<group>"; };
		8834533E213FE9B2002AAC62 /* UIImage+RoundedCorner.m */ = {isa = PBXFileReference; fileEncoding = 4; lastKnownFileType = sourcecode.c.objc; path = "UIImage+RoundedCorner.m"; sourceTree = "<group>"; };
		8834533F213FE9B2002AAC62 /* UIImage+RTStyle.h */ = {isa = PBXFileReference; fileEncoding = 4; lastKnownFileType = sourcecode.c.h; path = "UIImage+RTStyle.h"; sourceTree = "<group>"; };
		88345340213FE9B2002AAC62 /* UIImage+RTStyle.m */ = {isa = PBXFileReference; fileEncoding = 4; lastKnownFileType = sourcecode.c.objc; path = "UIImage+RTStyle.m"; sourceTree = "<group>"; };
		88345341213FE9B2002AAC62 /* UILabel+String.h */ = {isa = PBXFileReference; fileEncoding = 4; lastKnownFileType = sourcecode.c.h; path = "UILabel+String.h"; sourceTree = "<group>"; };
		88345342213FE9B2002AAC62 /* UILabel+String.m */ = {isa = PBXFileReference; fileEncoding = 4; lastKnownFileType = sourcecode.c.objc; path = "UILabel+String.m"; sourceTree = "<group>"; };
		88345343213FE9B2002AAC62 /* UIView+CTExtensions.h */ = {isa = PBXFileReference; fileEncoding = 4; lastKnownFileType = sourcecode.c.h; path = "UIView+CTExtensions.h"; sourceTree = "<group>"; };
		88345344213FE9B2002AAC62 /* UIView+CTExtensions.m */ = {isa = PBXFileReference; fileEncoding = 4; lastKnownFileType = sourcecode.c.objc; path = "UIView+CTExtensions.m"; sourceTree = "<group>"; };
		88345345213FE9B2002AAC62 /* UIViewController+Loading.h */ = {isa = PBXFileReference; fileEncoding = 4; lastKnownFileType = sourcecode.c.h; path = "UIViewController+Loading.h"; sourceTree = "<group>"; };
		88345346213FE9B2002AAC62 /* UIViewController+Loading.m */ = {isa = PBXFileReference; fileEncoding = 4; lastKnownFileType = sourcecode.c.objc; path = "UIViewController+Loading.m"; sourceTree = "<group>"; };
		88345347213FE9B2002AAC62 /* UserDefaultCashe.h */ = {isa = PBXFileReference; fileEncoding = 4; lastKnownFileType = sourcecode.c.h; path = UserDefaultCashe.h; sourceTree = "<group>"; };
		88345348213FE9B2002AAC62 /* UserDefaultCashe.m */ = {isa = PBXFileReference; fileEncoding = 4; lastKnownFileType = sourcecode.c.objc; path = UserDefaultCashe.m; sourceTree = "<group>"; };
		8834534A213FE9B2002AAC62 /* UIViewController+Loading.h */ = {isa = PBXFileReference; fileEncoding = 4; lastKnownFileType = sourcecode.c.h; path = "UIViewController+Loading.h"; sourceTree = "<group>"; };
		8834534B213FE9B2002AAC62 /* UIViewController+Loading.m */ = {isa = PBXFileReference; fileEncoding = 4; lastKnownFileType = sourcecode.c.objc; path = "UIViewController+Loading.m"; sourceTree = "<group>"; };
		8834534E213FE9B3002AAC62 /* FunctionMethodsUtil.h */ = {isa = PBXFileReference; fileEncoding = 4; lastKnownFileType = sourcecode.c.h; path = FunctionMethodsUtil.h; sourceTree = "<group>"; };
		8834534F213FE9B3002AAC62 /* FunctionMethodsUtil.m */ = {isa = PBXFileReference; fileEncoding = 4; lastKnownFileType = sourcecode.c.objc; path = FunctionMethodsUtil.m; sourceTree = "<group>"; };
		88345350213FE9B3002AAC62 /* NSArray+TYAFNetworking.h */ = {isa = PBXFileReference; fileEncoding = 4; lastKnownFileType = sourcecode.c.h; path = "NSArray+TYAFNetworking.h"; sourceTree = "<group>"; };
		88345351213FE9B3002AAC62 /* NSArray+TYAFNetworking.m */ = {isa = PBXFileReference; fileEncoding = 4; lastKnownFileType = sourcecode.c.objc; path = "NSArray+TYAFNetworking.m"; sourceTree = "<group>"; };
		88345352213FE9B3002AAC62 /* NSDictionary+TYAFNetworking.h */ = {isa = PBXFileReference; fileEncoding = 4; lastKnownFileType = sourcecode.c.h; path = "NSDictionary+TYAFNetworking.h"; sourceTree = "<group>"; };
		88345353213FE9B3002AAC62 /* NSDictionary+TYAFNetworking.m */ = {isa = PBXFileReference; fileEncoding = 4; lastKnownFileType = sourcecode.c.objc; path = "NSDictionary+TYAFNetworking.m"; sourceTree = "<group>"; };
		88345354213FE9B3002AAC62 /* NSURLRequest+TYAFNetworking.h */ = {isa = PBXFileReference; fileEncoding = 4; lastKnownFileType = sourcecode.c.h; path = "NSURLRequest+TYAFNetworking.h"; sourceTree = "<group>"; };
		88345355213FE9B3002AAC62 /* NSURLRequest+TYAFNetworking.m */ = {isa = PBXFileReference; fileEncoding = 4; lastKnownFileType = sourcecode.c.objc; path = "NSURLRequest+TYAFNetworking.m"; sourceTree = "<group>"; };
		88345357213FE9B3002AAC62 /* BaseApi.h */ = {isa = PBXFileReference; fileEncoding = 4; lastKnownFileType = sourcecode.c.h; path = BaseApi.h; sourceTree = "<group>"; };
		88345358213FE9B3002AAC62 /* BaseApi.m */ = {isa = PBXFileReference; fileEncoding = 4; lastKnownFileType = sourcecode.c.objc; path = BaseApi.m; sourceTree = "<group>"; };
		8834535A213FE9B3002AAC62 /* CLImageModel.h */ = {isa = PBXFileReference; fileEncoding = 4; lastKnownFileType = sourcecode.c.h; path = CLImageModel.h; sourceTree = "<group>"; };
		8834535B213FE9B3002AAC62 /* CLImageModel.m */ = {isa = PBXFileReference; fileEncoding = 4; lastKnownFileType = sourcecode.c.objc; path = CLImageModel.m; sourceTree = "<group>"; };
		8834535C213FE9B3002AAC62 /* CLNetworking.h */ = {isa = PBXFileReference; fileEncoding = 4; lastKnownFileType = sourcecode.c.h; path = CLNetworking.h; sourceTree = "<group>"; };
		8834535D213FE9B3002AAC62 /* CLNetworkingManager.h */ = {isa = PBXFileReference; fileEncoding = 4; lastKnownFileType = sourcecode.c.h; path = CLNetworkingManager.h; sourceTree = "<group>"; };
		8834535E213FE9B3002AAC62 /* CLNetworkingManager.m */ = {isa = PBXFileReference; fileEncoding = 4; lastKnownFileType = sourcecode.c.objc; path = CLNetworkingManager.m; sourceTree = "<group>"; };
		8834535F213FE9B3002AAC62 /* NSString+Cache.h */ = {isa = PBXFileReference; fileEncoding = 4; lastKnownFileType = sourcecode.c.h; path = "NSString+Cache.h"; sourceTree = "<group>"; };
		88345360213FE9B3002AAC62 /* NSString+Cache.m */ = {isa = PBXFileReference; fileEncoding = 4; lastKnownFileType = sourcecode.c.objc; path = "NSString+Cache.m"; sourceTree = "<group>"; };
		88345361213FE9B3002AAC62 /* NSString+CLTools.h */ = {isa = PBXFileReference; fileEncoding = 4; lastKnownFileType = sourcecode.c.h; path = "NSString+CLTools.h"; sourceTree = "<group>"; };
		88345362213FE9B3002AAC62 /* NSString+CLTools.m */ = {isa = PBXFileReference; fileEncoding = 4; lastKnownFileType = sourcecode.c.objc; path = "NSString+CLTools.m"; sourceTree = "<group>"; };
		88345364213FE9B3002AAC62 /* UserBaseInfoModel.h */ = {isa = PBXFileReference; fileEncoding = 4; lastKnownFileType = sourcecode.c.h; path = UserBaseInfoModel.h; sourceTree = "<group>"; };
		88345365213FE9B3002AAC62 /* UserBaseInfoModel.m */ = {isa = PBXFileReference; fileEncoding = 4; lastKnownFileType = sourcecode.c.objc; path = UserBaseInfoModel.m; sourceTree = "<group>"; };
		88345366213FE9B3002AAC62 /* UserCacheBean.h */ = {isa = PBXFileReference; fileEncoding = 4; lastKnownFileType = sourcecode.c.h; path = UserCacheBean.h; sourceTree = "<group>"; };
		88345367213FE9B3002AAC62 /* UserCacheBean.m */ = {isa = PBXFileReference; fileEncoding = 4; lastKnownFileType = sourcecode.c.objc; path = UserCacheBean.m; sourceTree = "<group>"; };
		88345368213FE9B3002AAC62 /* ZSAFNetworkingConfig.h */ = {isa = PBXFileReference; fileEncoding = 4; lastKnownFileType = sourcecode.c.h; path = ZSAFNetworkingConfig.h; sourceTree = "<group>"; };
		88345369213FE9B3002AAC62 /* ZSAPIProxy.h */ = {isa = PBXFileReference; fileEncoding = 4; lastKnownFileType = sourcecode.c.h; path = ZSAPIProxy.h; sourceTree = "<group>"; };
		8834536A213FE9B3002AAC62 /* ZSAPIProxy.m */ = {isa = PBXFileReference; fileEncoding = 4; lastKnownFileType = sourcecode.c.objc; path = ZSAPIProxy.m; sourceTree = "<group>"; };
		8834536B213FE9B3002AAC62 /* ZSRequestCenter.h */ = {isa = PBXFileReference; fileEncoding = 4; lastKnownFileType = sourcecode.c.h; path = ZSRequestCenter.h; sourceTree = "<group>"; };
		8834536C213FE9B3002AAC62 /* ZSRequestCenter.m */ = {isa = PBXFileReference; fileEncoding = 4; lastKnownFileType = sourcecode.c.objc; path = ZSRequestCenter.m; sourceTree = "<group>"; };
		8834536D213FE9B3002AAC62 /* ZSRequestGenerator.h */ = {isa = PBXFileReference; fileEncoding = 4; lastKnownFileType = sourcecode.c.h; path = ZSRequestGenerator.h; sourceTree = "<group>"; };
		8834536E213FE9B3002AAC62 /* ZSRequestGenerator.m */ = {isa = PBXFileReference; fileEncoding = 4; lastKnownFileType = sourcecode.c.objc; path = ZSRequestGenerator.m; sourceTree = "<group>"; };
		8834536F213FE9B3002AAC62 /* ZSSignatureGenerator.h */ = {isa = PBXFileReference; fileEncoding = 4; lastKnownFileType = sourcecode.c.h; path = ZSSignatureGenerator.h; sourceTree = "<group>"; };
		88345370213FE9B3002AAC62 /* ZSSignatureGenerator.m */ = {isa = PBXFileReference; fileEncoding = 4; lastKnownFileType = sourcecode.c.objc; path = ZSSignatureGenerator.m; sourceTree = "<group>"; };
		88345371213FE9B3002AAC62 /* ZSURLResponse.h */ = {isa = PBXFileReference; fileEncoding = 4; lastKnownFileType = sourcecode.c.h; path = ZSURLResponse.h; sourceTree = "<group>"; };
		88345372213FE9B3002AAC62 /* ZSURLResponse.m */ = {isa = PBXFileReference; fileEncoding = 4; lastKnownFileType = sourcecode.c.objc; path = ZSURLResponse.m; sourceTree = "<group>"; };
		88345374213FE9B3002AAC62 /* DeviceModel.h */ = {isa = PBXFileReference; fileEncoding = 4; lastKnownFileType = sourcecode.c.h; path = DeviceModel.h; sourceTree = "<group>"; };
		88345375213FE9B3002AAC62 /* DeviceModel.m */ = {isa = PBXFileReference; fileEncoding = 4; lastKnownFileType = sourcecode.c.objc; path = DeviceModel.m; sourceTree = "<group>"; };
		88345376213FE9B3002AAC62 /* DSBaseModel.h */ = {isa = PBXFileReference; fileEncoding = 4; lastKnownFileType = sourcecode.c.h; path = DSBaseModel.h; sourceTree = "<group>"; };
		88345377213FE9B3002AAC62 /* DSBaseModel.m */ = {isa = PBXFileReference; fileEncoding = 4; lastKnownFileType = sourcecode.c.objc; path = DSBaseModel.m; sourceTree = "<group>"; };
		88345378213FE9B3002AAC62 /* FilePathManager.h */ = {isa = PBXFileReference; fileEncoding = 4; lastKnownFileType = sourcecode.c.h; path = FilePathManager.h; sourceTree = "<group>"; };
		88345379213FE9B3002AAC62 /* FilePathManager.m */ = {isa = PBXFileReference; fileEncoding = 4; lastKnownFileType = sourcecode.c.objc; path = FilePathManager.m; sourceTree = "<group>"; };
		8834537A213FE9B3002AAC62 /* ImageUtils.h */ = {isa = PBXFileReference; fileEncoding = 4; lastKnownFileType = sourcecode.c.h; path = ImageUtils.h; sourceTree = "<group>"; };
		8834537B213FE9B3002AAC62 /* ImageUtils.m */ = {isa = PBXFileReference; fileEncoding = 4; lastKnownFileType = sourcecode.c.objc; path = ImageUtils.m; sourceTree = "<group>"; };
		8834537C213FE9B3002AAC62 /* NSString+Hash.h */ = {isa = PBXFileReference; fileEncoding = 4; lastKnownFileType = sourcecode.c.h; path = "NSString+Hash.h"; sourceTree = "<group>"; };
		8834537D213FE9B3002AAC62 /* NSString+Hash.m */ = {isa = PBXFileReference; fileEncoding = 4; lastKnownFileType = sourcecode.c.objc; path = "NSString+Hash.m"; sourceTree = "<group>"; };
		8834537E213FE9B3002AAC62 /* NSString+MoneyStyle.h */ = {isa = PBXFileReference; fileEncoding = 4; lastKnownFileType = sourcecode.c.h; path = "NSString+MoneyStyle.h"; sourceTree = "<group>"; };
		8834537F213FE9B3002AAC62 /* NSString+MoneyStyle.m */ = {isa = PBXFileReference; fileEncoding = 4; lastKnownFileType = sourcecode.c.objc; path = "NSString+MoneyStyle.m"; sourceTree = "<group>"; };
		88345380213FE9B3002AAC62 /* UserCurrentLocationManager.h */ = {isa = PBXFileReference; fileEncoding = 4; lastKnownFileType = sourcecode.c.h; path = UserCurrentLocationManager.h; sourceTree = "<group>"; };
		88345381213FE9B3002AAC62 /* UserCurrentLocationManager.m */ = {isa = PBXFileReference; fileEncoding = 4; lastKnownFileType = sourcecode.c.objc; path = UserCurrentLocationManager.m; sourceTree = "<group>"; };
		88345383213FE9B4002AAC62 /* BaseCollectionViewCell.h */ = {isa = PBXFileReference; fileEncoding = 4; lastKnownFileType = sourcecode.c.h; path = BaseCollectionViewCell.h; sourceTree = "<group>"; };
		88345384213FE9B4002AAC62 /* BaseCollectionViewCell.m */ = {isa = PBXFileReference; fileEncoding = 4; lastKnownFileType = sourcecode.c.objc; path = BaseCollectionViewCell.m; sourceTree = "<group>"; };
		88345385213FE9B4002AAC62 /* BaseTableViewCell.h */ = {isa = PBXFileReference; fileEncoding = 4; lastKnownFileType = sourcecode.c.h; path = BaseTableViewCell.h; sourceTree = "<group>"; };
		88345386213FE9B4002AAC62 /* BaseTableViewCell.m */ = {isa = PBXFileReference; fileEncoding = 4; lastKnownFileType = sourcecode.c.objc; path = BaseTableViewCell.m; sourceTree = "<group>"; };
		88345387213FE9B4002AAC62 /* BaseView.h */ = {isa = PBXFileReference; fileEncoding = 4; lastKnownFileType = sourcecode.c.h; path = BaseView.h; sourceTree = "<group>"; };
		88345388213FE9B4002AAC62 /* BaseView.m */ = {isa = PBXFileReference; fileEncoding = 4; lastKnownFileType = sourcecode.c.objc; path = BaseView.m; sourceTree = "<group>"; };
		8834538B213FE9B4002AAC62 /* PsfTabBarItem.h */ = {isa = PBXFileReference; fileEncoding = 4; lastKnownFileType = sourcecode.c.h; path = PsfTabBarItem.h; sourceTree = "<group>"; };
		8834538C213FE9B4002AAC62 /* PsfTabBarItem.m */ = {isa = PBXFileReference; fileEncoding = 4; lastKnownFileType = sourcecode.c.objc; path = PsfTabBarItem.m; sourceTree = "<group>"; };
		883453BF213FEA14002AAC62 /* HomeController.h */ = {isa = PBXFileReference; lastKnownFileType = sourcecode.c.h; path = HomeController.h; sourceTree = "<group>"; };
		883453C0213FEA14002AAC62 /* HomeController.m */ = {isa = PBXFileReference; lastKnownFileType = sourcecode.c.objc; path = HomeController.m; sourceTree = "<group>"; };
		884E4ECB2140BC46007448CF /* BaseViewController.h */ = {isa = PBXFileReference; fileEncoding = 4; lastKnownFileType = sourcecode.c.h; path = BaseViewController.h; sourceTree = "<group>"; };
		884E4ECC2140BC46007448CF /* BaseViewController.m */ = {isa = PBXFileReference; fileEncoding = 4; lastKnownFileType = sourcecode.c.objc; path = BaseViewController.m; sourceTree = "<group>"; };
		884E4ED02140F75C007448CF /* MineController.h */ = {isa = PBXFileReference; lastKnownFileType = sourcecode.c.h; path = MineController.h; sourceTree = "<group>"; };
		884E4ED12140F75C007448CF /* MineController.m */ = {isa = PBXFileReference; lastKnownFileType = sourcecode.c.objc; path = MineController.m; sourceTree = "<group>"; };
		884E4ED52140F8D8007448CF /* MineHeadView.m */ = {isa = PBXFileReference; fileEncoding = 4; lastKnownFileType = sourcecode.c.objc; path = MineHeadView.m; sourceTree = "<group>"; };
		884E4ED72140F8E8007448CF /* MineHeadView.h */ = {isa = PBXFileReference; lastKnownFileType = sourcecode.c.h; path = MineHeadView.h; sourceTree = "<group>"; };
		884E4ED921410528007448CF /* MessageViewController.m */ = {isa = PBXFileReference; fileEncoding = 4; lastKnownFileType = sourcecode.c.objc; path = MessageViewController.m; sourceTree = "<group>"; };
		884E4EDA21410528007448CF /* MessageViewController.h */ = {isa = PBXFileReference; fileEncoding = 4; lastKnownFileType = sourcecode.c.h; path = MessageViewController.h; sourceTree = "<group>"; };
		884E4EDD21410599007448CF /* DetailMessageCell.h */ = {isa = PBXFileReference; fileEncoding = 4; lastKnownFileType = sourcecode.c.h; path = DetailMessageCell.h; sourceTree = "<group>"; };
		884E4EDE21410599007448CF /* DetailMessageCell.m */ = {isa = PBXFileReference; fileEncoding = 4; lastKnownFileType = sourcecode.c.objc; path = DetailMessageCell.m; sourceTree = "<group>"; };
		884E4EE121410A85007448CF /* ScanQrCodeController.h */ = {isa = PBXFileReference; fileEncoding = 4; lastKnownFileType = sourcecode.c.h; path = ScanQrCodeController.h; sourceTree = "<group>"; };
		884E4EE221410A85007448CF /* ScanQrCodeController.m */ = {isa = PBXFileReference; fileEncoding = 4; lastKnownFileType = sourcecode.c.objc; path = ScanQrCodeController.m; sourceTree = "<group>"; };
		884E4EE421410CCA007448CF /* LockPaytypeController.h */ = {isa = PBXFileReference; lastKnownFileType = sourcecode.c.h; path = LockPaytypeController.h; sourceTree = "<group>"; };
		884E4EE521410CCA007448CF /* LockPaytypeController.m */ = {isa = PBXFileReference; lastKnownFileType = sourcecode.c.objc; path = LockPaytypeController.m; sourceTree = "<group>"; };
		884E4EE821411245007448CF /* MineWalletViewController.h */ = {isa = PBXFileReference; fileEncoding = 4; lastKnownFileType = sourcecode.c.h; path = MineWalletViewController.h; sourceTree = "<group>"; };
		884E4EE921411245007448CF /* MineWalletViewController.m */ = {isa = PBXFileReference; fileEncoding = 4; lastKnownFileType = sourcecode.c.objc; path = MineWalletViewController.m; sourceTree = "<group>"; };
		884E4EEA21411245007448CF /* MyIntegralController.h */ = {isa = PBXFileReference; fileEncoding = 4; lastKnownFileType = sourcecode.c.h; path = MyIntegralController.h; sourceTree = "<group>"; };
		884E4EEB21411245007448CF /* MyIntegralController.m */ = {isa = PBXFileReference; fileEncoding = 4; lastKnownFileType = sourcecode.c.objc; path = MyIntegralController.m; sourceTree = "<group>"; };
		884E4EEC21411245007448CF /* RechargeViewController.h */ = {isa = PBXFileReference; fileEncoding = 4; lastKnownFileType = sourcecode.c.h; path = RechargeViewController.h; sourceTree = "<group>"; };
		884E4EED21411245007448CF /* RechargeViewController.m */ = {isa = PBXFileReference; fileEncoding = 4; lastKnownFileType = sourcecode.c.objc; path = RechargeViewController.m; sourceTree = "<group>"; };
		884E4EEE21411245007448CF /* TradingDetailController.h */ = {isa = PBXFileReference; fileEncoding = 4; lastKnownFileType = sourcecode.c.h; path = TradingDetailController.h; sourceTree = "<group>"; };
		884E4EEF21411245007448CF /* TradingDetailController.m */ = {isa = PBXFileReference; fileEncoding = 4; lastKnownFileType = sourcecode.c.objc; path = TradingDetailController.m; sourceTree = "<group>"; };
		884E4EF521411292007448CF /* MineWalletCell.h */ = {isa = PBXFileReference; fileEncoding = 4; lastKnownFileType = sourcecode.c.h; path = MineWalletCell.h; sourceTree = "<group>"; };
		884E4EF621411292007448CF /* MineWalletCell.m */ = {isa = PBXFileReference; fileEncoding = 4; lastKnownFileType = sourcecode.c.objc; path = MineWalletCell.m; sourceTree = "<group>"; };
		884E4EF721411292007448CF /* PayTypeView.h */ = {isa = PBXFileReference; fileEncoding = 4; lastKnownFileType = sourcecode.c.h; path = PayTypeView.h; sourceTree = "<group>"; };
		884E4EF821411292007448CF /* PayTypeView.m */ = {isa = PBXFileReference; fileEncoding = 4; lastKnownFileType = sourcecode.c.objc; path = PayTypeView.m; sourceTree = "<group>"; };
		884E4EF921411292007448CF /* RechargeBtn.h */ = {isa = PBXFileReference; fileEncoding = 4; lastKnownFileType = sourcecode.c.h; path = RechargeBtn.h; sourceTree = "<group>"; };
		884E4EFA21411292007448CF /* RechargeBtn.m */ = {isa = PBXFileReference; fileEncoding = 4; lastKnownFileType = sourcecode.c.objc; path = RechargeBtn.m; sourceTree = "<group>"; };
		884E4EFB21411292007448CF /* RechargeHeadView.h */ = {isa = PBXFileReference; fileEncoding = 4; lastKnownFileType = sourcecode.c.h; path = RechargeHeadView.h; sourceTree = "<group>"; };
		884E4EFC21411292007448CF /* RechargeHeadView.m */ = {isa = PBXFileReference; fileEncoding = 4; lastKnownFileType = sourcecode.c.objc; path = RechargeHeadView.m; sourceTree = "<group>"; };
		884E4EFD21411292007448CF /* TradingDetailCell.h */ = {isa = PBXFileReference; fileEncoding = 4; lastKnownFileType = sourcecode.c.h; path = TradingDetailCell.h; sourceTree = "<group>"; };
		884E4EFE21411292007448CF /* TradingDetailCell.m */ = {isa = PBXFileReference; fileEncoding = 4; lastKnownFileType = sourcecode.c.objc; path = TradingDetailCell.m; sourceTree = "<group>"; };
		884E4F0521412518007448CF /* MineInformationController.m */ = {isa = PBXFileReference; fileEncoding = 4; lastKnownFileType = sourcecode.c.objc; path = MineInformationController.m; sourceTree = "<group>"; };
		884E4F0621412518007448CF /* MineInformationController.h */ = {isa = PBXFileReference; fileEncoding = 4; lastKnownFileType = sourcecode.c.h; path = MineInformationController.h; sourceTree = "<group>"; };
		884E4F0921412551007448CF /* HeadimageTableViewCell.m */ = {isa = PBXFileReference; fileEncoding = 4; lastKnownFileType = sourcecode.c.objc; path = HeadimageTableViewCell.m; sourceTree = "<group>"; };
		884E4F0A21412551007448CF /* HeadimageTableViewCell.h */ = {isa = PBXFileReference; fileEncoding = 4; lastKnownFileType = sourcecode.c.h; path = HeadimageTableViewCell.h; sourceTree = "<group>"; };
		884E4F0C21412C9B007448CF /* SettingController.h */ = {isa = PBXFileReference; lastKnownFileType = sourcecode.c.h; path = SettingController.h; sourceTree = "<group>"; };
		884E4F0D21412C9B007448CF /* SettingController.m */ = {isa = PBXFileReference; lastKnownFileType = sourcecode.c.objc; path = SettingController.m; sourceTree = "<group>"; };
		884E4F0F21412F38007448CF /* MineTripController.h */ = {isa = PBXFileReference; lastKnownFileType = sourcecode.c.h; path = MineTripController.h; sourceTree = "<group>"; };
		884E4F1021412F38007448CF /* MineTripController.m */ = {isa = PBXFileReference; lastKnownFileType = sourcecode.c.objc; path = MineTripController.m; sourceTree = "<group>"; };
		884E4F1221413A19007448CF /* TripHeadView.h */ = {isa = PBXFileReference; lastKnownFileType = sourcecode.c.h; path = TripHeadView.h; sourceTree = "<group>"; };
		884E4F1321413A19007448CF /* TripHeadView.m */ = {isa = PBXFileReference; lastKnownFileType = sourcecode.c.objc; path = TripHeadView.m; sourceTree = "<group>"; };
		8864678021420A0600418223 /* InviteFriendsController.h */ = {isa = PBXFileReference; lastKnownFileType = sourcecode.c.h; path = InviteFriendsController.h; sourceTree = "<group>"; };
		8864678121420A0600418223 /* InviteFriendsController.m */ = {isa = PBXFileReference; lastKnownFileType = sourcecode.c.objc; path = InviteFriendsController.m; sourceTree = "<group>"; };
		8864678321420BCA00418223 /* MyCouponController.h */ = {isa = PBXFileReference; lastKnownFileType = sourcecode.c.h; path = MyCouponController.h; sourceTree = "<group>"; };
		8864678421420BCA00418223 /* MyCouponController.m */ = {isa = PBXFileReference; lastKnownFileType = sourcecode.c.objc; path = MyCouponController.m; sourceTree = "<group>"; };
		88646786214214B200418223 /* CouponCell.h */ = {isa = PBXFileReference; lastKnownFileType = sourcecode.c.h; path = CouponCell.h; sourceTree = "<group>"; };
		88646787214214B200418223 /* CouponCell.m */ = {isa = PBXFileReference; lastKnownFileType = sourcecode.c.objc; path = CouponCell.m; sourceTree = "<group>"; };
		886467892142654B00418223 /* ZSSortSelectorView.m */ = {isa = PBXFileReference; fileEncoding = 4; lastKnownFileType = sourcecode.c.objc; path = ZSSortSelectorView.m; sourceTree = "<group>"; };
		8864678A2142654B00418223 /* ZSSortSelectorView.h */ = {isa = PBXFileReference; fileEncoding = 4; lastKnownFileType = sourcecode.c.h; path = ZSSortSelectorView.h; sourceTree = "<group>"; };
		8864678C2142655A00418223 /* ZSScrollButton.h */ = {isa = PBXFileReference; fileEncoding = 4; lastKnownFileType = sourcecode.c.h; path = ZSScrollButton.h; sourceTree = "<group>"; };
		8864678D2142655A00418223 /* ZSScrollButton.m */ = {isa = PBXFileReference; fileEncoding = 4; lastKnownFileType = sourcecode.c.objc; path = ZSScrollButton.m; sourceTree = "<group>"; };
		8864679221426FBB00418223 /* SYBoxTextField.h */ = {isa = PBXFileReference; fileEncoding = 4; lastKnownFileType = sourcecode.c.h; path = SYBoxTextField.h; sourceTree = "<group>"; };
		8864679321426FBB00418223 /* SYBoxTextField.m */ = {isa = PBXFileReference; fileEncoding = 4; lastKnownFileType = sourcecode.c.objc; path = SYBoxTextField.m; sourceTree = "<group>"; };
		886467952142704600418223 /* ManuallyUnlockController.h */ = {isa = PBXFileReference; lastKnownFileType = sourcecode.c.h; path = ManuallyUnlockController.h; sourceTree = "<group>"; };
		886467962142704600418223 /* ManuallyUnlockController.m */ = {isa = PBXFileReference; lastKnownFileType = sourcecode.c.objc; path = ManuallyUnlockController.m; sourceTree = "<group>"; };
		886467982142769000418223 /* AppointHomeView.h */ = {isa = PBXFileReference; lastKnownFileType = sourcecode.c.h; path = AppointHomeView.h; sourceTree = "<group>"; };
		886467992142769000418223 /* AppointHomeView.m */ = {isa = PBXFileReference; lastKnownFileType = sourcecode.c.objc; path = AppointHomeView.m; sourceTree = "<group>"; };
		8864679B21427F1D00418223 /* DecodSuccessController.h */ = {isa = PBXFileReference; lastKnownFileType = sourcecode.c.h; path = DecodSuccessController.h; sourceTree = "<group>"; };
		8864679C21427F1D00418223 /* DecodSuccessController.m */ = {isa = PBXFileReference; lastKnownFileType = sourcecode.c.objc; path = DecodSuccessController.m; sourceTree = "<group>"; };
		8864679F214280C800418223 /* ServiceAlertView.h */ = {isa = PBXFileReference; lastKnownFileType = sourcecode.c.h; path = ServiceAlertView.h; sourceTree = "<group>"; };
		886467A0214280C800418223 /* ServiceAlertView.m */ = {isa = PBXFileReference; lastKnownFileType = sourcecode.c.objc; path = ServiceAlertView.m; sourceTree = "<group>"; };
		886467A221428C9F00418223 /* SubmitQuestionsController.h */ = {isa = PBXFileReference; lastKnownFileType = sourcecode.c.h; path = SubmitQuestionsController.h; sourceTree = "<group>"; };
		886467A321428C9F00418223 /* SubmitQuestionsController.m */ = {isa = PBXFileReference; lastKnownFileType = sourcecode.c.objc; path = SubmitQuestionsController.m; sourceTree = "<group>"; };
		888AC08021479ABF0030BC12 /* UserAgreementController.h */ = {isa = PBXFileReference; lastKnownFileType = sourcecode.c.h; path = UserAgreementController.h; sourceTree = "<group>"; };
		888AC08121479ABF0030BC12 /* UserAgreementController.m */ = {isa = PBXFileReference; lastKnownFileType = sourcecode.c.objc; path = UserAgreementController.m; sourceTree = "<group>"; };
		88B72D4F21460E90000AA461 /* UIPlaceHolderTextView.h */ = {isa = PBXFileReference; fileEncoding = 4; lastKnownFileType = sourcecode.c.h; path = UIPlaceHolderTextView.h; sourceTree = "<group>"; };
		88B72D5021460E90000AA461 /* UIPlaceHolderTextView.m */ = {isa = PBXFileReference; fileEncoding = 4; lastKnownFileType = sourcecode.c.objc; path = UIPlaceHolderTextView.m; sourceTree = "<group>"; };
		88B72D56214638EA000AA461 /* UnlockingController.h */ = {isa = PBXFileReference; lastKnownFileType = sourcecode.c.h; path = UnlockingController.h; sourceTree = "<group>"; };
		88B72D57214638EA000AA461 /* UnlockingController.m */ = {isa = PBXFileReference; lastKnownFileType = sourcecode.c.objc; path = UnlockingController.m; sourceTree = "<group>"; };
		88B72D5921463905000AA461 /* UnlockSuccessController.h */ = {isa = PBXFileReference; lastKnownFileType = sourcecode.c.h; path = UnlockSuccessController.h; sourceTree = "<group>"; };
		88B72D5A21463905000AA461 /* UnlockSuccessController.m */ = {isa = PBXFileReference; lastKnownFileType = sourcecode.c.objc; path = UnlockSuccessController.m; sourceTree = "<group>"; };
		88B72D5C21463A33000AA461 /* EndRideController.h */ = {isa = PBXFileReference; lastKnownFileType = sourcecode.c.h; path = EndRideController.h; sourceTree = "<group>"; };
		88B72D5D21463A33000AA461 /* EndRideController.m */ = {isa = PBXFileReference; lastKnownFileType = sourcecode.c.objc; path = EndRideController.m; sourceTree = "<group>"; };
		88B72D5F21463A56000AA461 /* PaySuccessController.h */ = {isa = PBXFileReference; lastKnownFileType = sourcecode.c.h; path = PaySuccessController.h; sourceTree = "<group>"; };
		88B72D6021463A56000AA461 /* PaySuccessController.m */ = {isa = PBXFileReference; lastKnownFileType = sourcecode.c.objc; path = PaySuccessController.m; sourceTree = "<group>"; };
		88B72D6221463A88000AA461 /* RideEndingController.h */ = {isa = PBXFileReference; lastKnownFileType = sourcecode.c.h; path = RideEndingController.h; sourceTree = "<group>"; };
		88B72D6321463A88000AA461 /* RideEndingController.m */ = {isa = PBXFileReference; lastKnownFileType = sourcecode.c.objc; path = RideEndingController.m; sourceTree = "<group>"; };
		88B72D6521463B0E000AA461 /* TemporaryLockController.h */ = {isa = PBXFileReference; lastKnownFileType = sourcecode.c.h; path = TemporaryLockController.h; sourceTree = "<group>"; };
		88B72D6621463B0E000AA461 /* TemporaryLockController.m */ = {isa = PBXFileReference; lastKnownFileType = sourcecode.c.objc; path = TemporaryLockController.m; sourceTree = "<group>"; };
		88B72D6821463CED000AA461 /* UnlockView.h */ = {isa = PBXFileReference; lastKnownFileType = sourcecode.c.h; path = UnlockView.h; sourceTree = "<group>"; };
		88B72D6921463CED000AA461 /* UnlockView.m */ = {isa = PBXFileReference; lastKnownFileType = sourcecode.c.objc; path = UnlockView.m; sourceTree = "<group>"; };
		88B72D6B21464BC8000AA461 /* TripDetailHeadView.h */ = {isa = PBXFileReference; lastKnownFileType = sourcecode.c.h; path = TripDetailHeadView.h; sourceTree = "<group>"; };
		88B72D6C21464BC8000AA461 /* TripDetailHeadView.m */ = {isa = PBXFileReference; lastKnownFileType = sourcecode.c.objc; path = TripDetailHeadView.m; sourceTree = "<group>"; };
		88B72D7021466CCB000AA461 /* AboutController.h */ = {isa = PBXFileReference; lastKnownFileType = sourcecode.c.h; path = AboutController.h; sourceTree = "<group>"; };
		88B72D7121466CCB000AA461 /* AboutController.m */ = {isa = PBXFileReference; lastKnownFileType = sourcecode.c.objc; path = AboutController.m; sourceTree = "<group>"; };
		88B72D7321467687000AA461 /* AccountRulesController.h */ = {isa = PBXFileReference; lastKnownFileType = sourcecode.c.h; path = AccountRulesController.h; sourceTree = "<group>"; };
		88B72D7421467687000AA461 /* AccountRulesController.m */ = {isa = PBXFileReference; lastKnownFileType = sourcecode.c.objc; path = AccountRulesController.m; sourceTree = "<group>"; };
/* End PBXFileReference section */

/* Begin PBXFrameworksBuildPhase section */
		883452EA213FCBE1002AAC62 /* Frameworks */ = {
			isa = PBXFrameworksBuildPhase;
			buildActionMask = 2147483647;
			files = (
				13694F088AA71750182A5F3A /* libPods-Etram.a in Frameworks */,
			);
			runOnlyForDeploymentPostprocessing = 0;
		};
		88345302213FCBE2002AAC62 /* Frameworks */ = {
			isa = PBXFrameworksBuildPhase;
			buildActionMask = 2147483647;
			files = (
			);
			runOnlyForDeploymentPostprocessing = 0;
		};
		8834530D213FCBE2002AAC62 /* Frameworks */ = {
			isa = PBXFrameworksBuildPhase;
			buildActionMask = 2147483647;
			files = (
			);
			runOnlyForDeploymentPostprocessing = 0;
		};
/* End PBXFrameworksBuildPhase section */

/* Begin PBXGroup section */
		803A346A10A1F887AC31CF0B /* Frameworks */ = {
			isa = PBXGroup;
			children = (
				424546EB60ED26AAFE6EA816 /* libPods-Etram.a */,
			);
			name = Frameworks;
			sourceTree = "<group>";
		};
		883452E4213FCBE1002AAC62 = {
			isa = PBXGroup;
			children = (
				883452EF213FCBE1002AAC62 /* Etram */,
				88345308213FCBE2002AAC62 /* EtramTests */,
				88345313213FCBE2002AAC62 /* EtramUITests */,
				883452EE213FCBE1002AAC62 /* Products */,
				9A5552EFC4C11CDD1EA47D44 /* Pods */,
				803A346A10A1F887AC31CF0B /* Frameworks */,
			);
			sourceTree = "<group>";
		};
		883452EE213FCBE1002AAC62 /* Products */ = {
			isa = PBXGroup;
			children = (
				883452ED213FCBE1002AAC62 /* Etram.app */,
				88345305213FCBE2002AAC62 /* EtramTests.xctest */,
				88345310213FCBE2002AAC62 /* EtramUITests.xctest */,
			);
			name = Products;
			sourceTree = "<group>";
		};
		883452EF213FCBE1002AAC62 /* Etram */ = {
			isa = PBXGroup;
			children = (
				883452F0213FCBE1002AAC62 /* AppDelegate.h */,
				883452F1213FCBE1002AAC62 /* AppDelegate.m */,
				883452F3213FCBE1002AAC62 /* ViewController.h */,
				883452F4213FCBE1002AAC62 /* ViewController.m */,
				88345322213FE8B3002AAC62 /* ZSConfig.h */,
				883452F6213FCBE1002AAC62 /* Main.storyboard */,
				883452F9213FCBE2002AAC62 /* Assets.xcassets */,
				883452FB213FCBE2002AAC62 /* LaunchScreen.storyboard */,
				88B72D4D21460E79000AA461 /* Tool */,
				88345382213FE9B4002AAC62 /* Base */,
				88345323213FE9B2002AAC62 /* Category */,
				8834534C213FE9B3002AAC62 /* Network */,
				883453BD213FE9C8002AAC62 /* Home */,
				884E4ECE2140F3EE007448CF /* Mine */,
				883452FE213FCBE2002AAC62 /* Info.plist */,
				883452FF213FCBE2002AAC62 /* main.m */,
			);
			path = Etram;
			sourceTree = "<group>";
		};
		88345308213FCBE2002AAC62 /* EtramTests */ = {
			isa = PBXGroup;
			children = (
				88345309213FCBE2002AAC62 /* EtramTests.m */,
				8834530B213FCBE2002AAC62 /* Info.plist */,
			);
			path = EtramTests;
			sourceTree = "<group>";
		};
		88345313213FCBE2002AAC62 /* EtramUITests */ = {
			isa = PBXGroup;
			children = (
				88345314213FCBE2002AAC62 /* EtramUITests.m */,
				88345316213FCBE2002AAC62 /* Info.plist */,
			);
			path = EtramUITests;
			sourceTree = "<group>";
		};
		88345323213FE9B2002AAC62 /* Category */ = {
			isa = PBXGroup;
			children = (
				88345324213FE9B2002AAC62 /* BarCode */,
				88345327213FE9B2002AAC62 /* Date */,
				8834532A213FE9B2002AAC62 /* NSObject */,
				8834532B213FE9B2002AAC62 /* NSObject+AddKeyValueToObject.h */,
				8834532C213FE9B2002AAC62 /* NSObject+AddKeyValueToObject.m */,
				8834532D213FE9B2002AAC62 /* NSString */,
				88345332213FE9B2002AAC62 /* UDIDWrapper.h */,
				88345333213FE9B2002AAC62 /* UDIDWrapper.m */,
				88345334213FE9B2002AAC62 /* UIDevice+IdentifierAddition.h */,
				88345335213FE9B2002AAC62 /* UIDevice+IdentifierAddition.m */,
				88345336213FE9B2002AAC62 /* UIImage */,
				88345341213FE9B2002AAC62 /* UILabel+String.h */,
				88345342213FE9B2002AAC62 /* UILabel+String.m */,
				88345343213FE9B2002AAC62 /* UIView+CTExtensions.h */,
				88345344213FE9B2002AAC62 /* UIView+CTExtensions.m */,
				88345345213FE9B2002AAC62 /* UIViewController+Loading.h */,
				88345346213FE9B2002AAC62 /* UIViewController+Loading.m */,
				88345347213FE9B2002AAC62 /* UserDefaultCashe.h */,
				88345348213FE9B2002AAC62 /* UserDefaultCashe.m */,
				88345349213FE9B2002AAC62 /* ViewController */,
			);
			path = Category;
			sourceTree = "<group>";
		};
		88345324213FE9B2002AAC62 /* BarCode */ = {
			isa = PBXGroup;
			children = (
				88345325213FE9B2002AAC62 /* CreatQRCodeAndBarCodeFromLeon.h */,
				88345326213FE9B2002AAC62 /* CreatQRCodeAndBarCodeFromLeon.m */,
			);
			path = BarCode;
			sourceTree = "<group>";
		};
		88345327213FE9B2002AAC62 /* Date */ = {
			isa = PBXGroup;
			children = (
				88345328213FE9B2002AAC62 /* NSDate+Add.h */,
				88345329213FE9B2002AAC62 /* NSDate+Add.m */,
			);
			path = Date;
			sourceTree = "<group>";
		};
		8834532A213FE9B2002AAC62 /* NSObject */ = {
			isa = PBXGroup;
			children = (
			);
			path = NSObject;
			sourceTree = "<group>";
		};
		8834532D213FE9B2002AAC62 /* NSString */ = {
			isa = PBXGroup;
			children = (
				8834532E213FE9B2002AAC62 /* NSString+MD5Addition.h */,
				8834532F213FE9B2002AAC62 /* NSString+MD5Addition.m */,
				88345330213FE9B2002AAC62 /* NSString+RTStyle.h */,
				88345331213FE9B2002AAC62 /* NSString+RTStyle.m */,
			);
			path = NSString;
			sourceTree = "<group>";
		};
		88345336213FE9B2002AAC62 /* UIImage */ = {
			isa = PBXGroup;
			children = (
				88345337213FE9B2002AAC62 /* AgentImageBaseModel.h */,
				88345338213FE9B2002AAC62 /* AgentImageBaseModel.m */,
				88345339213FE9B2002AAC62 /* UIImage+Alpha.h */,
				8834533A213FE9B2002AAC62 /* UIImage+Alpha.m */,
				8834533B213FE9B2002AAC62 /* UIImage+Resize.h */,
				8834533C213FE9B2002AAC62 /* UIImage+Resize.m */,
				8834533D213FE9B2002AAC62 /* UIImage+RoundedCorner.h */,
				8834533E213FE9B2002AAC62 /* UIImage+RoundedCorner.m */,
				8834533F213FE9B2002AAC62 /* UIImage+RTStyle.h */,
				88345340213FE9B2002AAC62 /* UIImage+RTStyle.m */,
			);
			path = UIImage;
			sourceTree = "<group>";
		};
		88345349213FE9B2002AAC62 /* ViewController */ = {
			isa = PBXGroup;
			children = (
				8834534A213FE9B2002AAC62 /* UIViewController+Loading.h */,
				8834534B213FE9B2002AAC62 /* UIViewController+Loading.m */,
			);
			path = ViewController;
			sourceTree = "<group>";
		};
		8834534C213FE9B3002AAC62 /* Network */ = {
			isa = PBXGroup;
			children = (
				8834534D213FE9B3002AAC62 /* AFCategary */,
				88345356213FE9B3002AAC62 /* ApiService */,
				88345359213FE9B3002AAC62 /* CLNetworking */,
				88345363213FE9B3002AAC62 /* Networking */,
				88345373213FE9B3002AAC62 /* Utils */,
			);
			path = Network;
			sourceTree = "<group>";
		};
		8834534D213FE9B3002AAC62 /* AFCategary */ = {
			isa = PBXGroup;
			children = (
				8834534E213FE9B3002AAC62 /* FunctionMethodsUtil.h */,
				8834534F213FE9B3002AAC62 /* FunctionMethodsUtil.m */,
				88345350213FE9B3002AAC62 /* NSArray+TYAFNetworking.h */,
				88345351213FE9B3002AAC62 /* NSArray+TYAFNetworking.m */,
				88345352213FE9B3002AAC62 /* NSDictionary+TYAFNetworking.h */,
				88345353213FE9B3002AAC62 /* NSDictionary+TYAFNetworking.m */,
				88345354213FE9B3002AAC62 /* NSURLRequest+TYAFNetworking.h */,
				88345355213FE9B3002AAC62 /* NSURLRequest+TYAFNetworking.m */,
			);
			path = AFCategary;
			sourceTree = "<group>";
		};
		88345356213FE9B3002AAC62 /* ApiService */ = {
			isa = PBXGroup;
			children = (
				88345357213FE9B3002AAC62 /* BaseApi.h */,
				88345358213FE9B3002AAC62 /* BaseApi.m */,
			);
			path = ApiService;
			sourceTree = "<group>";
		};
		88345359213FE9B3002AAC62 /* CLNetworking */ = {
			isa = PBXGroup;
			children = (
				8834535A213FE9B3002AAC62 /* CLImageModel.h */,
				8834535B213FE9B3002AAC62 /* CLImageModel.m */,
				8834535C213FE9B3002AAC62 /* CLNetworking.h */,
				8834535D213FE9B3002AAC62 /* CLNetworkingManager.h */,
				8834535E213FE9B3002AAC62 /* CLNetworkingManager.m */,
				8834535F213FE9B3002AAC62 /* NSString+Cache.h */,
				88345360213FE9B3002AAC62 /* NSString+Cache.m */,
				88345361213FE9B3002AAC62 /* NSString+CLTools.h */,
				88345362213FE9B3002AAC62 /* NSString+CLTools.m */,
			);
			path = CLNetworking;
			sourceTree = "<group>";
		};
		88345363213FE9B3002AAC62 /* Networking */ = {
			isa = PBXGroup;
			children = (
				88345364213FE9B3002AAC62 /* UserBaseInfoModel.h */,
				88345365213FE9B3002AAC62 /* UserBaseInfoModel.m */,
				88345366213FE9B3002AAC62 /* UserCacheBean.h */,
				88345367213FE9B3002AAC62 /* UserCacheBean.m */,
				88345368213FE9B3002AAC62 /* ZSAFNetworkingConfig.h */,
				88345369213FE9B3002AAC62 /* ZSAPIProxy.h */,
				8834536A213FE9B3002AAC62 /* ZSAPIProxy.m */,
				8834536B213FE9B3002AAC62 /* ZSRequestCenter.h */,
				8834536C213FE9B3002AAC62 /* ZSRequestCenter.m */,
				8834536D213FE9B3002AAC62 /* ZSRequestGenerator.h */,
				8834536E213FE9B3002AAC62 /* ZSRequestGenerator.m */,
				8834536F213FE9B3002AAC62 /* ZSSignatureGenerator.h */,
				88345370213FE9B3002AAC62 /* ZSSignatureGenerator.m */,
				88345371213FE9B3002AAC62 /* ZSURLResponse.h */,
				88345372213FE9B3002AAC62 /* ZSURLResponse.m */,
			);
			path = Networking;
			sourceTree = "<group>";
		};
		88345373213FE9B3002AAC62 /* Utils */ = {
			isa = PBXGroup;
			children = (
				88345374213FE9B3002AAC62 /* DeviceModel.h */,
				88345375213FE9B3002AAC62 /* DeviceModel.m */,
				88345376213FE9B3002AAC62 /* DSBaseModel.h */,
				88345377213FE9B3002AAC62 /* DSBaseModel.m */,
				88345378213FE9B3002AAC62 /* FilePathManager.h */,
				88345379213FE9B3002AAC62 /* FilePathManager.m */,
				8834537A213FE9B3002AAC62 /* ImageUtils.h */,
				8834537B213FE9B3002AAC62 /* ImageUtils.m */,
				8834537C213FE9B3002AAC62 /* NSString+Hash.h */,
				8834537D213FE9B3002AAC62 /* NSString+Hash.m */,
				8834537E213FE9B3002AAC62 /* NSString+MoneyStyle.h */,
				8834537F213FE9B3002AAC62 /* NSString+MoneyStyle.m */,
				88345380213FE9B3002AAC62 /* UserCurrentLocationManager.h */,
				88345381213FE9B3002AAC62 /* UserCurrentLocationManager.m */,
			);
			path = Utils;
			sourceTree = "<group>";
		};
		88345382213FE9B4002AAC62 /* Base */ = {
			isa = PBXGroup;
			children = (
				88345383213FE9B4002AAC62 /* BaseCollectionViewCell.h */,
				88345384213FE9B4002AAC62 /* BaseCollectionViewCell.m */,
				88345385213FE9B4002AAC62 /* BaseTableViewCell.h */,
				88345386213FE9B4002AAC62 /* BaseTableViewCell.m */,
				88345387213FE9B4002AAC62 /* BaseView.h */,
				88345388213FE9B4002AAC62 /* BaseView.m */,
				8834538B213FE9B4002AAC62 /* PsfTabBarItem.h */,
				8834538C213FE9B4002AAC62 /* PsfTabBarItem.m */,
				884E4ECB2140BC46007448CF /* BaseViewController.h */,
				884E4ECC2140BC46007448CF /* BaseViewController.m */,
			);
			path = Base;
			sourceTree = "<group>";
		};
		883453BD213FE9C8002AAC62 /* Home */ = {
			isa = PBXGroup;
			children = (
				8864679021426FB000418223 /* View */,
				883453BE213FE9E0002AAC62 /* Controller */,
			);
			path = Home;
			sourceTree = "<group>";
		};
		883453BE213FE9E0002AAC62 /* Controller */ = {
			isa = PBXGroup;
			children = (
				88B72D6F214657A0000AA461 /* ride */,
				88B72D6E2146578E000AA461 /* unlock */,
				884E4EE021410A85007448CF /* QrCode */,
				883453BF213FEA14002AAC62 /* HomeController.h */,
				883453C0213FEA14002AAC62 /* HomeController.m */,
			);
			path = Controller;
			sourceTree = "<group>";
		};
		884E4ECE2140F3EE007448CF /* Mine */ = {
			isa = PBXGroup;
			children = (
				884E4ED32140F8A4007448CF /* View */,
				884E4ECF2140F731007448CF /* Controller */,
			);
			path = Mine;
			sourceTree = "<group>";
		};
		884E4ECF2140F731007448CF /* Controller */ = {
			isa = PBXGroup;
			children = (
				88B72D5221461182000AA461 /* question */,
				884E4F0421412502007448CF /* Setting */,
				884E4EE721411245007448CF /* wallet */,
				884E4ED821410510007448CF /* Message */,
				884E4ED02140F75C007448CF /* MineController.h */,
				884E4ED12140F75C007448CF /* MineController.m */,
				884E4F0F21412F38007448CF /* MineTripController.h */,
				884E4F1021412F38007448CF /* MineTripController.m */,
				8864678021420A0600418223 /* InviteFriendsController.h */,
				8864678121420A0600418223 /* InviteFriendsController.m */,
				8864678321420BCA00418223 /* MyCouponController.h */,
				8864678421420BCA00418223 /* MyCouponController.m */,
			);
			path = Controller;
			sourceTree = "<group>";
		};
		884E4ED32140F8A4007448CF /* View */ = {
			isa = PBXGroup;
			children = (
				8864679E214280A000418223 /* Service */,
				8864678F2142655F00418223 /* ZSSortSelectorView */,
				884E4F082141253D007448CF /* Setting */,
				884E4EF421411292007448CF /* MineWallet */,
				884E4EDC2141056D007448CF /* message */,
				884E4ED72140F8E8007448CF /* MineHeadView.h */,
				884E4ED52140F8D8007448CF /* MineHeadView.m */,
				884E4F1221413A19007448CF /* TripHeadView.h */,
				884E4F1321413A19007448CF /* TripHeadView.m */,
				88646786214214B200418223 /* CouponCell.h */,
				88646787214214B200418223 /* CouponCell.m */,
			);
			path = View;
			sourceTree = "<group>";
		};
		884E4ED821410510007448CF /* Message */ = {
			isa = PBXGroup;
			children = (
				884E4EDA21410528007448CF /* MessageViewController.h */,
				884E4ED921410528007448CF /* MessageViewController.m */,
			);
			path = Message;
			sourceTree = "<group>";
		};
		884E4EDC2141056D007448CF /* message */ = {
			isa = PBXGroup;
			children = (
				884E4EDD21410599007448CF /* DetailMessageCell.h */,
				884E4EDE21410599007448CF /* DetailMessageCell.m */,
			);
			path = message;
			sourceTree = "<group>";
		};
		884E4EE021410A85007448CF /* QrCode */ = {
			isa = PBXGroup;
			children = (
				884E4EE121410A85007448CF /* ScanQrCodeController.h */,
				884E4EE221410A85007448CF /* ScanQrCodeController.m */,
				884E4EE421410CCA007448CF /* LockPaytypeController.h */,
				884E4EE521410CCA007448CF /* LockPaytypeController.m */,
				886467952142704600418223 /* ManuallyUnlockController.h */,
				886467962142704600418223 /* ManuallyUnlockController.m */,
				8864679B21427F1D00418223 /* DecodSuccessController.h */,
				8864679C21427F1D00418223 /* DecodSuccessController.m */,
			);
			path = QrCode;
			sourceTree = "<group>";
		};
		884E4EE721411245007448CF /* wallet */ = {
			isa = PBXGroup;
			children = (
				884E4EE821411245007448CF /* MineWalletViewController.h */,
				884E4EE921411245007448CF /* MineWalletViewController.m */,
				884E4EEA21411245007448CF /* MyIntegralController.h */,
				884E4EEB21411245007448CF /* MyIntegralController.m */,
				884E4EEC21411245007448CF /* RechargeViewController.h */,
				884E4EED21411245007448CF /* RechargeViewController.m */,
				884E4EEE21411245007448CF /* TradingDetailController.h */,
				884E4EEF21411245007448CF /* TradingDetailController.m */,
			);
			path = wallet;
			sourceTree = "<group>";
		};
		884E4EF421411292007448CF /* MineWallet */ = {
			isa = PBXGroup;
			children = (
				884E4EF521411292007448CF /* MineWalletCell.h */,
				884E4EF621411292007448CF /* MineWalletCell.m */,
				884E4EF721411292007448CF /* PayTypeView.h */,
				884E4EF821411292007448CF /* PayTypeView.m */,
				884E4EF921411292007448CF /* RechargeBtn.h */,
				884E4EFA21411292007448CF /* RechargeBtn.m */,
				884E4EFB21411292007448CF /* RechargeHeadView.h */,
				884E4EFC21411292007448CF /* RechargeHeadView.m */,
				884E4EFD21411292007448CF /* TradingDetailCell.h */,
				884E4EFE21411292007448CF /* TradingDetailCell.m */,
			);
			path = MineWallet;
			sourceTree = "<group>";
		};
		884E4F0421412502007448CF /* Setting */ = {
			isa = PBXGroup;
			children = (
				884E4F0621412518007448CF /* MineInformationController.h */,
				884E4F0521412518007448CF /* MineInformationController.m */,
				884E4F0C21412C9B007448CF /* SettingController.h */,
				884E4F0D21412C9B007448CF /* SettingController.m */,
				88B72D7021466CCB000AA461 /* AboutController.h */,
				88B72D7121466CCB000AA461 /* AboutController.m */,
				88B72D7321467687000AA461 /* AccountRulesController.h */,
				88B72D7421467687000AA461 /* AccountRulesController.m */,
				888AC08021479ABF0030BC12 /* UserAgreementController.h */,
				888AC08121479ABF0030BC12 /* UserAgreementController.m */,
			);
			path = Setting;
			sourceTree = "<group>";
		};
		884E4F082141253D007448CF /* Setting */ = {
			isa = PBXGroup;
			children = (
				884E4F0A21412551007448CF /* HeadimageTableViewCell.h */,
				884E4F0921412551007448CF /* HeadimageTableViewCell.m */,
			);
			path = Setting;
			sourceTree = "<group>";
		};
		8864678F2142655F00418223 /* ZSSortSelectorView */ = {
			isa = PBXGroup;
			children = (
				8864678A2142654B00418223 /* ZSSortSelectorView.h */,
				886467892142654B00418223 /* ZSSortSelectorView.m */,
				8864678C2142655A00418223 /* ZSScrollButton.h */,
				8864678D2142655A00418223 /* ZSScrollButton.m */,
			);
			path = ZSSortSelectorView;
			sourceTree = "<group>";
		};
		8864679021426FB000418223 /* View */ = {
			isa = PBXGroup;
			children = (
				8864679121426FBB00418223 /* SYBoxTextField */,
				886467982142769000418223 /* AppointHomeView.h */,
				886467992142769000418223 /* AppointHomeView.m */,
				88B72D6821463CED000AA461 /* UnlockView.h */,
				88B72D6921463CED000AA461 /* UnlockView.m */,
				88B72D6B21464BC8000AA461 /* TripDetailHeadView.h */,
				88B72D6C21464BC8000AA461 /* TripDetailHeadView.m */,
			);
			path = View;
			sourceTree = "<group>";
		};
		8864679121426FBB00418223 /* SYBoxTextField */ = {
			isa = PBXGroup;
			children = (
				8864679221426FBB00418223 /* SYBoxTextField.h */,
				8864679321426FBB00418223 /* SYBoxTextField.m */,
			);
			path = SYBoxTextField;
			sourceTree = "<group>";
		};
		8864679E214280A000418223 /* Service */ = {
			isa = PBXGroup;
			children = (
				8864679F214280C800418223 /* ServiceAlertView.h */,
				886467A0214280C800418223 /* ServiceAlertView.m */,
			);
			path = Service;
			sourceTree = "<group>";
		};
		88B72D4D21460E79000AA461 /* Tool */ = {
			isa = PBXGroup;
			children = (
				88B72D4E21460E90000AA461 /* UITextView */,
			);
			path = Tool;
			sourceTree = "<group>";
		};
		88B72D4E21460E90000AA461 /* UITextView */ = {
			isa = PBXGroup;
			children = (
				88B72D4F21460E90000AA461 /* UIPlaceHolderTextView.h */,
				88B72D5021460E90000AA461 /* UIPlaceHolderTextView.m */,
			);
			path = UITextView;
			sourceTree = "<group>";
		};
		88B72D5221461182000AA461 /* question */ = {
			isa = PBXGroup;
			children = (
				886467A221428C9F00418223 /* SubmitQuestionsController.h */,
				886467A321428C9F00418223 /* SubmitQuestionsController.m */,
			);
			path = question;
			sourceTree = "<group>";
		};
		88B72D6E2146578E000AA461 /* unlock */ = {
			isa = PBXGroup;
			children = (
				88B72D56214638EA000AA461 /* UnlockingController.h */,
				88B72D57214638EA000AA461 /* UnlockingController.m */,
				88B72D5921463905000AA461 /* UnlockSuccessController.h */,
				88B72D5A21463905000AA461 /* UnlockSuccessController.m */,
			);
			path = unlock;
			sourceTree = "<group>";
		};
		88B72D6F214657A0000AA461 /* ride */ = {
			isa = PBXGroup;
			children = (
				88B72D6521463B0E000AA461 /* TemporaryLockController.h */,
				88B72D6621463B0E000AA461 /* TemporaryLockController.m */,
				88B72D5C21463A33000AA461 /* EndRideController.h */,
				88B72D5D21463A33000AA461 /* EndRideController.m */,
				88B72D6221463A88000AA461 /* RideEndingController.h */,
				88B72D6321463A88000AA461 /* RideEndingController.m */,
				88B72D5F21463A56000AA461 /* PaySuccessController.h */,
				88B72D6021463A56000AA461 /* PaySuccessController.m */,
			);
			path = ride;
			sourceTree = "<group>";
		};
		9A5552EFC4C11CDD1EA47D44 /* Pods */ = {
			isa = PBXGroup;
			children = (
				2FB4FDFACB3DE0346662621F /* Pods-Etram.debug.xcconfig */,
				1AC268B076ADF1352F912BF5 /* Pods-Etram.release.xcconfig */,
			);
			name = Pods;
			sourceTree = "<group>";
		};
/* End PBXGroup section */

/* Begin PBXNativeTarget section */
		883452EC213FCBE1002AAC62 /* Etram */ = {
			isa = PBXNativeTarget;
			buildConfigurationList = 88345319213FCBE2002AAC62 /* Build configuration list for PBXNativeTarget "Etram" */;
			buildPhases = (
				9192228FEDE8895233703EF6 /* [CP] Check Pods Manifest.lock */,
				883452E9213FCBE1002AAC62 /* Sources */,
				883452EA213FCBE1002AAC62 /* Frameworks */,
				883452EB213FCBE1002AAC62 /* Resources */,
				D3F7BB1BEE3BC25E5715B92F /* [CP] Copy Pods Resources */,
			);
			buildRules = (
			);
			dependencies = (
			);
			name = Etram;
			productName = Etram;
			productReference = 883452ED213FCBE1002AAC62 /* Etram.app */;
			productType = "com.apple.product-type.application";
		};
		88345304213FCBE2002AAC62 /* EtramTests */ = {
			isa = PBXNativeTarget;
			buildConfigurationList = 8834531C213FCBE2002AAC62 /* Build configuration list for PBXNativeTarget "EtramTests" */;
			buildPhases = (
				88345301213FCBE2002AAC62 /* Sources */,
				88345302213FCBE2002AAC62 /* Frameworks */,
				88345303213FCBE2002AAC62 /* Resources */,
			);
			buildRules = (
			);
			dependencies = (
				88345307213FCBE2002AAC62 /* PBXTargetDependency */,
			);
			name = EtramTests;
			productName = EtramTests;
			productReference = 88345305213FCBE2002AAC62 /* EtramTests.xctest */;
			productType = "com.apple.product-type.bundle.unit-test";
		};
		8834530F213FCBE2002AAC62 /* EtramUITests */ = {
			isa = PBXNativeTarget;
			buildConfigurationList = 8834531F213FCBE2002AAC62 /* Build configuration list for PBXNativeTarget "EtramUITests" */;
			buildPhases = (
				8834530C213FCBE2002AAC62 /* Sources */,
				8834530D213FCBE2002AAC62 /* Frameworks */,
				8834530E213FCBE2002AAC62 /* Resources */,
			);
			buildRules = (
			);
			dependencies = (
				88345312213FCBE2002AAC62 /* PBXTargetDependency */,
			);
			name = EtramUITests;
			productName = EtramUITests;
			productReference = 88345310213FCBE2002AAC62 /* EtramUITests.xctest */;
			productType = "com.apple.product-type.bundle.ui-testing";
		};
/* End PBXNativeTarget section */

/* Begin PBXProject section */
		883452E5213FCBE1002AAC62 /* Project object */ = {
			isa = PBXProject;
			attributes = {
				LastUpgradeCheck = 0940;
				ORGANIZATIONNAME = zhangshu;
				TargetAttributes = {
					883452EC213FCBE1002AAC62 = {
						CreatedOnToolsVersion = 9.4.1;
					};
					88345304213FCBE2002AAC62 = {
						CreatedOnToolsVersion = 9.4.1;
						TestTargetID = 883452EC213FCBE1002AAC62;
					};
					8834530F213FCBE2002AAC62 = {
						CreatedOnToolsVersion = 9.4.1;
						TestTargetID = 883452EC213FCBE1002AAC62;
					};
				};
			};
			buildConfigurationList = 883452E8213FCBE1002AAC62 /* Build configuration list for PBXProject "Etram" */;
			compatibilityVersion = "Xcode 9.3";
			developmentRegion = en;
			hasScannedForEncodings = 0;
			knownRegions = (
				en,
				Base,
			);
			mainGroup = 883452E4213FCBE1002AAC62;
			productRefGroup = 883452EE213FCBE1002AAC62 /* Products */;
			projectDirPath = "";
			projectRoot = "";
			targets = (
				883452EC213FCBE1002AAC62 /* Etram */,
				88345304213FCBE2002AAC62 /* EtramTests */,
				8834530F213FCBE2002AAC62 /* EtramUITests */,
			);
		};
/* End PBXProject section */

/* Begin PBXResourcesBuildPhase section */
		883452EB213FCBE1002AAC62 /* Resources */ = {
			isa = PBXResourcesBuildPhase;
			buildActionMask = 2147483647;
			files = (
				883452FD213FCBE2002AAC62 /* LaunchScreen.storyboard in Resources */,
				883452FA213FCBE2002AAC62 /* Assets.xcassets in Resources */,
				883452F8213FCBE1002AAC62 /* Main.storyboard in Resources */,
			);
			runOnlyForDeploymentPostprocessing = 0;
		};
		88345303213FCBE2002AAC62 /* Resources */ = {
			isa = PBXResourcesBuildPhase;
			buildActionMask = 2147483647;
			files = (
			);
			runOnlyForDeploymentPostprocessing = 0;
		};
		8834530E213FCBE2002AAC62 /* Resources */ = {
			isa = PBXResourcesBuildPhase;
			buildActionMask = 2147483647;
			files = (
			);
			runOnlyForDeploymentPostprocessing = 0;
		};
/* End PBXResourcesBuildPhase section */

/* Begin PBXShellScriptBuildPhase section */
		9192228FEDE8895233703EF6 /* [CP] Check Pods Manifest.lock */ = {
			isa = PBXShellScriptBuildPhase;
			buildActionMask = 2147483647;
			files = (
			);
			inputPaths = (
				"${PODS_PODFILE_DIR_PATH}/Podfile.lock",
				"${PODS_ROOT}/Manifest.lock",
			);
			name = "[CP] Check Pods Manifest.lock";
			outputPaths = (
				"$(DERIVED_FILE_DIR)/Pods-Etram-checkManifestLockResult.txt",
			);
			runOnlyForDeploymentPostprocessing = 0;
			shellPath = /bin/sh;
			shellScript = "diff \"${PODS_PODFILE_DIR_PATH}/Podfile.lock\" \"${PODS_ROOT}/Manifest.lock\" > /dev/null\nif [ $? != 0 ] ; then\n    # print error to STDERR\n    echo \"error: The sandbox is not in sync with the Podfile.lock. Run 'pod install' or update your CocoaPods installation.\" >&2\n    exit 1\nfi\n# This output is used by Xcode 'outputs' to avoid re-running this script phase.\necho \"SUCCESS\" > \"${SCRIPT_OUTPUT_FILE_0}\"\n";
			showEnvVarsInLog = 0;
		};
		D3F7BB1BEE3BC25E5715B92F /* [CP] Copy Pods Resources */ = {
			isa = PBXShellScriptBuildPhase;
			buildActionMask = 2147483647;
			files = (
			);
			inputPaths = (
				"${SRCROOT}/Pods/Target Support Files/Pods-Etram/Pods-Etram-resources.sh",
				"${PODS_ROOT}/MJRefresh/MJRefresh/MJRefresh.bundle",
				"${PODS_ROOT}/SVProgressHUD/SVProgressHUD/SVProgressHUD.bundle",
			);
			name = "[CP] Copy Pods Resources";
			outputPaths = (
				"${TARGET_BUILD_DIR}/${UNLOCALIZED_RESOURCES_FOLDER_PATH}/MJRefresh.bundle",
				"${TARGET_BUILD_DIR}/${UNLOCALIZED_RESOURCES_FOLDER_PATH}/SVProgressHUD.bundle",
			);
			runOnlyForDeploymentPostprocessing = 0;
			shellPath = /bin/sh;
			shellScript = "\"${SRCROOT}/Pods/Target Support Files/Pods-Etram/Pods-Etram-resources.sh\"\n";
			showEnvVarsInLog = 0;
		};
/* End PBXShellScriptBuildPhase section */

/* Begin PBXSourcesBuildPhase section */
		883452E9213FCBE1002AAC62 /* Sources */ = {
			isa = PBXSourcesBuildPhase;
			buildActionMask = 2147483647;
			files = (
				883453B8213FE9B4002AAC62 /* BaseTableViewCell.m in Sources */,
				883453A4213FE9B4002AAC62 /* BaseApi.m in Sources */,
				884E4EDB21410528007448CF /* MessageViewController.m in Sources */,
				883453A9213FE9B4002AAC62 /* UserBaseInfoModel.m in Sources */,
				88B72D6421463A88000AA461 /* RideEndingController.m in Sources */,
				8834538F213FE9B4002AAC62 /* CreatQRCodeAndBarCodeFromLeon.m in Sources */,
				884E4EF221411245007448CF /* RechargeViewController.m in Sources */,
				883453B3213FE9B4002AAC62 /* ImageUtils.m in Sources */,
				883453A8213FE9B4002AAC62 /* NSString+CLTools.m in Sources */,
				883453AE213FE9B4002AAC62 /* ZSSignatureGenerator.m in Sources */,
				88B72D5E21463A33000AA461 /* EndRideController.m in Sources */,
				884E4EE621410CCA007448CF /* LockPaytypeController.m in Sources */,
				884E4F0321411292007448CF /* TradingDetailCell.m in Sources */,
				88B72D7221466CCB000AA461 /* AboutController.m in Sources */,
				884E4EE321410A85007448CF /* ScanQrCodeController.m in Sources */,
				884E4F0021411292007448CF /* PayTypeView.m in Sources */,
				88B72D7521467687000AA461 /* AccountRulesController.m in Sources */,
				88345392213FE9B4002AAC62 /* NSString+MD5Addition.m in Sources */,
				88345399213FE9B4002AAC62 /* UIImage+RoundedCorner.m in Sources */,
				883453B2213FE9B4002AAC62 /* FilePathManager.m in Sources */,
				88345394213FE9B4002AAC62 /* UDIDWrapper.m in Sources */,
				8834539C213FE9B4002AAC62 /* UIView+CTExtensions.m in Sources */,
				883453A7213FE9B4002AAC62 /* NSString+Cache.m in Sources */,
				883452F5213FCBE1002AAC62 /* ViewController.m in Sources */,
				8864678521420BCA00418223 /* MyCouponController.m in Sources */,
				88345396213FE9B4002AAC62 /* AgentImageBaseModel.m in Sources */,
				883453A5213FE9B4002AAC62 /* CLImageModel.m in Sources */,
				884E4EDF21410599007448CF /* DetailMessageCell.m in Sources */,
				886467972142704600418223 /* ManuallyUnlockController.m in Sources */,
				884E4F0B21412551007448CF /* HeadimageTableViewCell.m in Sources */,
				88345395213FE9B4002AAC62 /* UIDevice+IdentifierAddition.m in Sources */,
				884E4F0121411292007448CF /* RechargeBtn.m in Sources */,
				88345390213FE9B4002AAC62 /* NSDate+Add.m in Sources */,
				88B72D5B21463905000AA461 /* UnlockSuccessController.m in Sources */,
				884E4ED22140F75C007448CF /* MineController.m in Sources */,
				888AC08221479ABF0030BC12 /* UserAgreementController.m in Sources */,
				883453A6213FE9B4002AAC62 /* CLNetworkingManager.m in Sources */,
				8864679D21427F1D00418223 /* DecodSuccessController.m in Sources */,
				884E4EFF21411292007448CF /* MineWalletCell.m in Sources */,
				883453A2213FE9B4002AAC62 /* NSDictionary+TYAFNetworking.m in Sources */,
				88B72D6121463A56000AA461 /* PaySuccessController.m in Sources */,
				886467A1214280C800418223 /* ServiceAlertView.m in Sources */,
				883453B6213FE9B4002AAC62 /* UserCurrentLocationManager.m in Sources */,
				8864678221420A0600418223 /* InviteFriendsController.m in Sources */,
				883453AD213FE9B4002AAC62 /* ZSRequestGenerator.m in Sources */,
				883453AB213FE9B4002AAC62 /* ZSAPIProxy.m in Sources */,
				88345391213FE9B4002AAC62 /* NSObject+AddKeyValueToObject.m in Sources */,
				884E4ED62140F8D8007448CF /* MineHeadView.m in Sources */,
				8864679A2142769000418223 /* AppointHomeView.m in Sources */,
				883453A0213FE9B4002AAC62 /* FunctionMethodsUtil.m in Sources */,
				883453B9213FE9B4002AAC62 /* BaseView.m in Sources */,
				88345397213FE9B4002AAC62 /* UIImage+Alpha.m in Sources */,
				88345300213FCBE2002AAC62 /* main.m in Sources */,
				8834539B213FE9B4002AAC62 /* UILabel+String.m in Sources */,
				88345398213FE9B4002AAC62 /* UIImage+Resize.m in Sources */,
				883453AA213FE9B4002AAC62 /* UserCacheBean.m in Sources */,
				8864678E2142655B00418223 /* ZSScrollButton.m in Sources */,
				8834539A213FE9B4002AAC62 /* UIImage+RTStyle.m in Sources */,
				883453A1213FE9B4002AAC62 /* NSArray+TYAFNetworking.m in Sources */,
				883453B5213FE9B4002AAC62 /* NSString+MoneyStyle.m in Sources */,
				884E4F0E21412C9B007448CF /* SettingController.m in Sources */,
				8834539F213FE9B4002AAC62 /* UIViewController+Loading.m in Sources */,
				883453AF213FE9B4002AAC62 /* ZSURLResponse.m in Sources */,
				88646788214214B200418223 /* CouponCell.m in Sources */,
				883453C1213FEA14002AAC62 /* HomeController.m in Sources */,
				88B72D6A21463CED000AA461 /* UnlockView.m in Sources */,
				8864679421426FBB00418223 /* SYBoxTextField.m in Sources */,
				883453B0213FE9B4002AAC62 /* DeviceModel.m in Sources */,
				883452F2213FCBE1002AAC62 /* AppDelegate.m in Sources */,
				884E4EF321411245007448CF /* TradingDetailController.m in Sources */,
				883453B4213FE9B4002AAC62 /* NSString+Hash.m in Sources */,
				883453B7213FE9B4002AAC62 /* BaseCollectionViewCell.m in Sources */,
				884E4EF121411245007448CF /* MyIntegralController.m in Sources */,
				88B72D6721463B0E000AA461 /* TemporaryLockController.m in Sources */,
				8864678B2142654B00418223 /* ZSSortSelectorView.m in Sources */,
				884E4F1421413A19007448CF /* TripHeadView.m in Sources */,
				883453A3213FE9B4002AAC62 /* NSURLRequest+TYAFNetworking.m in Sources */,
				884E4F0721412518007448CF /* MineInformationController.m in Sources */,
				8834539E213FE9B4002AAC62 /* UserDefaultCashe.m in Sources */,
				88B72D58214638EA000AA461 /* UnlockingController.m in Sources */,
				88B72D5121460E90000AA461 /* UIPlaceHolderTextView.m in Sources */,
				88B72D6D21464BC8000AA461 /* TripDetailHeadView.m in Sources */,
				884E4F0221411292007448CF /* RechargeHeadView.m in Sources */,
				883453AC213FE9B4002AAC62 /* ZSRequestCenter.m in Sources */,
				88345393213FE9B4002AAC62 /* NSString+RTStyle.m in Sources */,
				886467A421428C9F00418223 /* SubmitQuestionsController.m in Sources */,
				8834539D213FE9B4002AAC62 /* UIViewController+Loading.m in Sources */,
				883453BB213FE9B4002AAC62 /* PsfTabBarItem.m in Sources */,
				884E4ECD2140BC46007448CF /* BaseViewController.m in Sources */,
				884E4EF021411245007448CF /* MineWalletViewController.m in Sources */,
				883453B1213FE9B4002AAC62 /* DSBaseModel.m in Sources */,
				884E4F1121412F38007448CF /* MineTripController.m in Sources */,
			);
			runOnlyForDeploymentPostprocessing = 0;
		};
		88345301213FCBE2002AAC62 /* Sources */ = {
			isa = PBXSourcesBuildPhase;
			buildActionMask = 2147483647;
			files = (
				8834530A213FCBE2002AAC62 /* EtramTests.m in Sources */,
			);
			runOnlyForDeploymentPostprocessing = 0;
		};
		8834530C213FCBE2002AAC62 /* Sources */ = {
			isa = PBXSourcesBuildPhase;
			buildActionMask = 2147483647;
			files = (
				88345315213FCBE2002AAC62 /* EtramUITests.m in Sources */,
			);
			runOnlyForDeploymentPostprocessing = 0;
		};
/* End PBXSourcesBuildPhase section */

/* Begin PBXTargetDependency section */
		88345307213FCBE2002AAC62 /* PBXTargetDependency */ = {
			isa = PBXTargetDependency;
			target = 883452EC213FCBE1002AAC62 /* Etram */;
			targetProxy = 88345306213FCBE2002AAC62 /* PBXContainerItemProxy */;
		};
		88345312213FCBE2002AAC62 /* PBXTargetDependency */ = {
			isa = PBXTargetDependency;
			target = 883452EC213FCBE1002AAC62 /* Etram */;
			targetProxy = 88345311213FCBE2002AAC62 /* PBXContainerItemProxy */;
		};
/* End PBXTargetDependency section */

/* Begin PBXVariantGroup section */
		883452F6213FCBE1002AAC62 /* Main.storyboard */ = {
			isa = PBXVariantGroup;
			children = (
				883452F7213FCBE1002AAC62 /* Base */,
			);
			name = Main.storyboard;
			sourceTree = "<group>";
		};
		883452FB213FCBE2002AAC62 /* LaunchScreen.storyboard */ = {
			isa = PBXVariantGroup;
			children = (
				883452FC213FCBE2002AAC62 /* Base */,
			);
			name = LaunchScreen.storyboard;
			sourceTree = "<group>";
		};
/* End PBXVariantGroup section */

/* Begin XCBuildConfiguration section */
		88345317213FCBE2002AAC62 /* Debug */ = {
			isa = XCBuildConfiguration;
			buildSettings = {
				ALWAYS_SEARCH_USER_PATHS = NO;
				CLANG_ANALYZER_NONNULL = YES;
				CLANG_ANALYZER_NUMBER_OBJECT_CONVERSION = YES_AGGRESSIVE;
				CLANG_CXX_LANGUAGE_STANDARD = "gnu++14";
				CLANG_CXX_LIBRARY = "libc++";
				CLANG_ENABLE_MODULES = YES;
				CLANG_ENABLE_OBJC_ARC = YES;
				CLANG_ENABLE_OBJC_WEAK = YES;
				CLANG_WARN_BLOCK_CAPTURE_AUTORELEASING = YES;
				CLANG_WARN_BOOL_CONVERSION = YES;
				CLANG_WARN_COMMA = YES;
				CLANG_WARN_CONSTANT_CONVERSION = YES;
				CLANG_WARN_DEPRECATED_OBJC_IMPLEMENTATIONS = YES;
				CLANG_WARN_DIRECT_OBJC_ISA_USAGE = YES_ERROR;
				CLANG_WARN_DOCUMENTATION_COMMENTS = YES;
				CLANG_WARN_EMPTY_BODY = YES;
				CLANG_WARN_ENUM_CONVERSION = YES;
				CLANG_WARN_INFINITE_RECURSION = YES;
				CLANG_WARN_INT_CONVERSION = YES;
				CLANG_WARN_NON_LITERAL_NULL_CONVERSION = YES;
				CLANG_WARN_OBJC_IMPLICIT_RETAIN_SELF = YES;
				CLANG_WARN_OBJC_LITERAL_CONVERSION = YES;
				CLANG_WARN_OBJC_ROOT_CLASS = YES_ERROR;
				CLANG_WARN_RANGE_LOOP_ANALYSIS = YES;
				CLANG_WARN_STRICT_PROTOTYPES = YES;
				CLANG_WARN_SUSPICIOUS_MOVE = YES;
				CLANG_WARN_UNGUARDED_AVAILABILITY = YES_AGGRESSIVE;
				CLANG_WARN_UNREACHABLE_CODE = YES;
				CLANG_WARN__DUPLICATE_METHOD_MATCH = YES;
				CODE_SIGN_IDENTITY = "iPhone Developer";
				COPY_PHASE_STRIP = NO;
				DEBUG_INFORMATION_FORMAT = dwarf;
				ENABLE_STRICT_OBJC_MSGSEND = YES;
				ENABLE_TESTABILITY = YES;
				GCC_C_LANGUAGE_STANDARD = gnu11;
				GCC_DYNAMIC_NO_PIC = NO;
				GCC_NO_COMMON_BLOCKS = YES;
				GCC_OPTIMIZATION_LEVEL = 0;
				GCC_PREPROCESSOR_DEFINITIONS = (
					"DEBUG=1",
					"$(inherited)",
				);
				GCC_WARN_64_TO_32_BIT_CONVERSION = YES;
				GCC_WARN_ABOUT_RETURN_TYPE = YES_ERROR;
				GCC_WARN_UNDECLARED_SELECTOR = YES;
				GCC_WARN_UNINITIALIZED_AUTOS = YES_AGGRESSIVE;
				GCC_WARN_UNUSED_FUNCTION = YES;
				GCC_WARN_UNUSED_VARIABLE = YES;
				IPHONEOS_DEPLOYMENT_TARGET = 11.4;
				MTL_ENABLE_DEBUG_INFO = YES;
				ONLY_ACTIVE_ARCH = YES;
				SDKROOT = iphoneos;
			};
			name = Debug;
		};
		88345318213FCBE2002AAC62 /* Release */ = {
			isa = XCBuildConfiguration;
			buildSettings = {
				ALWAYS_SEARCH_USER_PATHS = NO;
				CLANG_ANALYZER_NONNULL = YES;
				CLANG_ANALYZER_NUMBER_OBJECT_CONVERSION = YES_AGGRESSIVE;
				CLANG_CXX_LANGUAGE_STANDARD = "gnu++14";
				CLANG_CXX_LIBRARY = "libc++";
				CLANG_ENABLE_MODULES = YES;
				CLANG_ENABLE_OBJC_ARC = YES;
				CLANG_ENABLE_OBJC_WEAK = YES;
				CLANG_WARN_BLOCK_CAPTURE_AUTORELEASING = YES;
				CLANG_WARN_BOOL_CONVERSION = YES;
				CLANG_WARN_COMMA = YES;
				CLANG_WARN_CONSTANT_CONVERSION = YES;
				CLANG_WARN_DEPRECATED_OBJC_IMPLEMENTATIONS = YES;
				CLANG_WARN_DIRECT_OBJC_ISA_USAGE = YES_ERROR;
				CLANG_WARN_DOCUMENTATION_COMMENTS = YES;
				CLANG_WARN_EMPTY_BODY = YES;
				CLANG_WARN_ENUM_CONVERSION = YES;
				CLANG_WARN_INFINITE_RECURSION = YES;
				CLANG_WARN_INT_CONVERSION = YES;
				CLANG_WARN_NON_LITERAL_NULL_CONVERSION = YES;
				CLANG_WARN_OBJC_IMPLICIT_RETAIN_SELF = YES;
				CLANG_WARN_OBJC_LITERAL_CONVERSION = YES;
				CLANG_WARN_OBJC_ROOT_CLASS = YES_ERROR;
				CLANG_WARN_RANGE_LOOP_ANALYSIS = YES;
				CLANG_WARN_STRICT_PROTOTYPES = YES;
				CLANG_WARN_SUSPICIOUS_MOVE = YES;
				CLANG_WARN_UNGUARDED_AVAILABILITY = YES_AGGRESSIVE;
				CLANG_WARN_UNREACHABLE_CODE = YES;
				CLANG_WARN__DUPLICATE_METHOD_MATCH = YES;
				CODE_SIGN_IDENTITY = "iPhone Developer";
				COPY_PHASE_STRIP = NO;
				DEBUG_INFORMATION_FORMAT = "dwarf-with-dsym";
				ENABLE_NS_ASSERTIONS = NO;
				ENABLE_STRICT_OBJC_MSGSEND = YES;
				GCC_C_LANGUAGE_STANDARD = gnu11;
				GCC_NO_COMMON_BLOCKS = YES;
				GCC_WARN_64_TO_32_BIT_CONVERSION = YES;
				GCC_WARN_ABOUT_RETURN_TYPE = YES_ERROR;
				GCC_WARN_UNDECLARED_SELECTOR = YES;
				GCC_WARN_UNINITIALIZED_AUTOS = YES_AGGRESSIVE;
				GCC_WARN_UNUSED_FUNCTION = YES;
				GCC_WARN_UNUSED_VARIABLE = YES;
				IPHONEOS_DEPLOYMENT_TARGET = 11.4;
				MTL_ENABLE_DEBUG_INFO = NO;
				SDKROOT = iphoneos;
				VALIDATE_PRODUCT = YES;
			};
			name = Release;
		};
		8834531A213FCBE2002AAC62 /* Debug */ = {
			isa = XCBuildConfiguration;
			baseConfigurationReference = 2FB4FDFACB3DE0346662621F /* Pods-Etram.debug.xcconfig */;
			buildSettings = {
				ASSETCATALOG_COMPILER_APPICON_NAME = AppIcon;
				CODE_SIGN_STYLE = Automatic;
				DEVELOPMENT_TEAM = DNLYQ8TZ35;
				INFOPLIST_FILE = Etram/Info.plist;
				IPHONEOS_DEPLOYMENT_TARGET = 9.0;
				LD_RUNPATH_SEARCH_PATHS = (
					"$(inherited)",
					"@executable_path/Frameworks",
				);
				PRODUCT_BUNDLE_IDENTIFIER = com.xingqige.Etram;
				PRODUCT_NAME = "$(TARGET_NAME)";
				TARGETED_DEVICE_FAMILY = "1,2";
			};
			name = Debug;
		};
		8834531B213FCBE2002AAC62 /* Release */ = {
			isa = XCBuildConfiguration;
			baseConfigurationReference = 1AC268B076ADF1352F912BF5 /* Pods-Etram.release.xcconfig */;
			buildSettings = {
				ASSETCATALOG_COMPILER_APPICON_NAME = AppIcon;
				CODE_SIGN_STYLE = Automatic;
				DEVELOPMENT_TEAM = DNLYQ8TZ35;
				INFOPLIST_FILE = Etram/Info.plist;
				IPHONEOS_DEPLOYMENT_TARGET = 9.0;
				LD_RUNPATH_SEARCH_PATHS = (
					"$(inherited)",
					"@executable_path/Frameworks",
				);
				PRODUCT_BUNDLE_IDENTIFIER = com.xingqige.Etram;
				PRODUCT_NAME = "$(TARGET_NAME)";
				TARGETED_DEVICE_FAMILY = "1,2";
			};
			name = Release;
		};
		8834531D213FCBE2002AAC62 /* Debug */ = {
			isa = XCBuildConfiguration;
			buildSettings = {
				BUNDLE_LOADER = "$(TEST_HOST)";
				CODE_SIGN_STYLE = Automatic;
				DEVELOPMENT_TEAM = DNLYQ8TZ35;
				INFOPLIST_FILE = EtramTests/Info.plist;
				LD_RUNPATH_SEARCH_PATHS = (
					"$(inherited)",
					"@executable_path/Frameworks",
					"@loader_path/Frameworks",
				);
				PRODUCT_BUNDLE_IDENTIFIER = com.xingqige.EtramTests;
				PRODUCT_NAME = "$(TARGET_NAME)";
				TARGETED_DEVICE_FAMILY = "1,2";
				TEST_HOST = "$(BUILT_PRODUCTS_DIR)/Etram.app/Etram";
			};
			name = Debug;
		};
		8834531E213FCBE2002AAC62 /* Release */ = {
			isa = XCBuildConfiguration;
			buildSettings = {
				BUNDLE_LOADER = "$(TEST_HOST)";
				CODE_SIGN_STYLE = Automatic;
				DEVELOPMENT_TEAM = DNLYQ8TZ35;
				INFOPLIST_FILE = EtramTests/Info.plist;
				LD_RUNPATH_SEARCH_PATHS = (
					"$(inherited)",
					"@executable_path/Frameworks",
					"@loader_path/Frameworks",
				);
				PRODUCT_BUNDLE_IDENTIFIER = com.xingqige.EtramTests;
				PRODUCT_NAME = "$(TARGET_NAME)";
				TARGETED_DEVICE_FAMILY = "1,2";
				TEST_HOST = "$(BUILT_PRODUCTS_DIR)/Etram.app/Etram";
			};
			name = Release;
		};
		88345320213FCBE2002AAC62 /* Debug */ = {
			isa = XCBuildConfiguration;
			buildSettings = {
				CODE_SIGN_STYLE = Automatic;
				DEVELOPMENT_TEAM = DNLYQ8TZ35;
				INFOPLIST_FILE = EtramUITests/Info.plist;
				LD_RUNPATH_SEARCH_PATHS = (
					"$(inherited)",
					"@executable_path/Frameworks",
					"@loader_path/Frameworks",
				);
				PRODUCT_BUNDLE_IDENTIFIER = com.xingqige.EtramUITests;
				PRODUCT_NAME = "$(TARGET_NAME)";
				TARGETED_DEVICE_FAMILY = "1,2";
				TEST_TARGET_NAME = Etram;
			};
			name = Debug;
		};
		88345321213FCBE2002AAC62 /* Release */ = {
			isa = XCBuildConfiguration;
			buildSettings = {
				CODE_SIGN_STYLE = Automatic;
				DEVELOPMENT_TEAM = DNLYQ8TZ35;
				INFOPLIST_FILE = EtramUITests/Info.plist;
				LD_RUNPATH_SEARCH_PATHS = (
					"$(inherited)",
					"@executable_path/Frameworks",
					"@loader_path/Frameworks",
				);
				PRODUCT_BUNDLE_IDENTIFIER = com.xingqige.EtramUITests;
				PRODUCT_NAME = "$(TARGET_NAME)";
				TARGETED_DEVICE_FAMILY = "1,2";
				TEST_TARGET_NAME = Etram;
			};
			name = Release;
		};
/* End XCBuildConfiguration section */

/* Begin XCConfigurationList section */
		883452E8213FCBE1002AAC62 /* Build configuration list for PBXProject "Etram" */ = {
			isa = XCConfigurationList;
			buildConfigurations = (
				88345317213FCBE2002AAC62 /* Debug */,
				88345318213FCBE2002AAC62 /* Release */,
			);
			defaultConfigurationIsVisible = 0;
			defaultConfigurationName = Release;
		};
		88345319213FCBE2002AAC62 /* Build configuration list for PBXNativeTarget "Etram" */ = {
			isa = XCConfigurationList;
			buildConfigurations = (
				8834531A213FCBE2002AAC62 /* Debug */,
				8834531B213FCBE2002AAC62 /* Release */,
			);
			defaultConfigurationIsVisible = 0;
			defaultConfigurationName = Release;
		};
		8834531C213FCBE2002AAC62 /* Build configuration list for PBXNativeTarget "EtramTests" */ = {
			isa = XCConfigurationList;
			buildConfigurations = (
				8834531D213FCBE2002AAC62 /* Debug */,
				8834531E213FCBE2002AAC62 /* Release */,
			);
			defaultConfigurationIsVisible = 0;
			defaultConfigurationName = Release;
		};
		8834531F213FCBE2002AAC62 /* Build configuration list for PBXNativeTarget "EtramUITests" */ = {
			isa = XCConfigurationList;
			buildConfigurations = (
				88345320213FCBE2002AAC62 /* Debug */,
				88345321213FCBE2002AAC62 /* Release */,
			);
			defaultConfigurationIsVisible = 0;
			defaultConfigurationName = Release;
		};
/* End XCConfigurationList section */
	};
	rootObject = 883452E5213FCBE1002AAC62 /* Project object */;
}
